// !$*UTF8*$!
{
	archiveVersion = 1;
	classes = {
	};
	objectVersion = 48;
	objects = {

/* Begin PBXBuildFile section */
		C64552D7206898E1007107AA /* Family.swift in Sources */ = {isa = PBXBuildFile; fileRef = C64552D5206898E1007107AA /* Family.swift */; };
		C64552D8206898E1007107AA /* Model.swift in Sources */ = {isa = PBXBuildFile; fileRef = C64552D6206898E1007107AA /* Model.swift */; };
		C663D59B2064B071008F2276 /* AppDelegate.swift in Sources */ = {isa = PBXBuildFile; fileRef = C663D59A2064B071008F2276 /* AppDelegate.swift */; };
		C663D59D2064B071008F2276 /* ViewController.swift in Sources */ = {isa = PBXBuildFile; fileRef = C663D59C2064B071008F2276 /* ViewController.swift */; };
		C663D5A02064B071008F2276 /* Main.storyboard in Resources */ = {isa = PBXBuildFile; fileRef = C663D59E2064B071008F2276 /* Main.storyboard */; };
		C663D5A22064B071008F2276 /* Assets.xcassets in Resources */ = {isa = PBXBuildFile; fileRef = C663D5A12064B071008F2276 /* Assets.xcassets */; };
		C663D5A52064B071008F2276 /* LaunchScreen.storyboard in Resources */ = {isa = PBXBuildFile; fileRef = C663D5A32064B071008F2276 /* LaunchScreen.storyboard */; };
		C663D5B02064B072008F2276 /* EasyBoyTests.swift in Sources */ = {isa = PBXBuildFile; fileRef = C663D5AF2064B072008F2276 /* EasyBoyTests.swift */; };
		C663D5BB2064B072008F2276 /* EasyBoyUITests.swift in Sources */ = {isa = PBXBuildFile; fileRef = C663D5BA2064B072008F2276 /* EasyBoyUITests.swift */; };
		C663D5CD2064B18A008F2276 /* Size.swift in Sources */ = {isa = PBXBuildFile; fileRef = C663D5CC2064B18A008F2276 /* Size.swift */; };
		C663D5D12064B29C008F2276 /* Device.swift in Sources */ = {isa = PBXBuildFile; fileRef = C663D5D02064B29C008F2276 /* Device.swift */; };
/* End PBXBuildFile section */

/* Begin PBXContainerItemProxy section */
		C663D5AC2064B072008F2276 /* PBXContainerItemProxy */ = {
			isa = PBXContainerItemProxy;
			containerPortal = C663D58F2064B071008F2276 /* Project object */;
			proxyType = 1;
			remoteGlobalIDString = C663D5962064B071008F2276;
			remoteInfo = EasyBoy;
		};
		C663D5B72064B072008F2276 /* PBXContainerItemProxy */ = {
			isa = PBXContainerItemProxy;
			containerPortal = C663D58F2064B071008F2276 /* Project object */;
			proxyType = 1;
			remoteGlobalIDString = C663D5962064B071008F2276;
			remoteInfo = EasyBoy;
		};
/* End PBXContainerItemProxy section */

/* Begin PBXFileReference section */
		C64552D5206898E1007107AA /* Family.swift */ = {isa = PBXFileReference; fileEncoding = 4; lastKnownFileType = sourcecode.swift; path = Family.swift; sourceTree = "<group>"; };
		C64552D6206898E1007107AA /* Model.swift */ = {isa = PBXFileReference; fileEncoding = 4; lastKnownFileType = sourcecode.swift; path = Model.swift; sourceTree = "<group>"; };
		C663D5972064B071008F2276 /* EasyBoy.app */ = {isa = PBXFileReference; explicitFileType = wrapper.application; includeInIndex = 0; path = EasyBoy.app; sourceTree = BUILT_PRODUCTS_DIR; };
		C663D59A2064B071008F2276 /* AppDelegate.swift */ = {isa = PBXFileReference; lastKnownFileType = sourcecode.swift; path = AppDelegate.swift; sourceTree = "<group>"; };
		C663D59C2064B071008F2276 /* ViewController.swift */ = {isa = PBXFileReference; lastKnownFileType = sourcecode.swift; path = ViewController.swift; sourceTree = "<group>"; };
		C663D59F2064B071008F2276 /* Base */ = {isa = PBXFileReference; lastKnownFileType = file.storyboard; name = Base; path = Base.lproj/Main.storyboard; sourceTree = "<group>"; };
		C663D5A12064B071008F2276 /* Assets.xcassets */ = {isa = PBXFileReference; lastKnownFileType = folder.assetcatalog; path = Assets.xcassets; sourceTree = "<group>"; };
		C663D5A42064B071008F2276 /* Base */ = {isa = PBXFileReference; lastKnownFileType = file.storyboard; name = Base; path = Base.lproj/LaunchScreen.storyboard; sourceTree = "<group>"; };
		C663D5A62064B071008F2276 /* Info.plist */ = {isa = PBXFileReference; lastKnownFileType = text.plist.xml; path = Info.plist; sourceTree = "<group>"; };
		C663D5AB2064B072008F2276 /* EasyBoyTests.xctest */ = {isa = PBXFileReference; explicitFileType = wrapper.cfbundle; includeInIndex = 0; path = EasyBoyTests.xctest; sourceTree = BUILT_PRODUCTS_DIR; };
		C663D5AF2064B072008F2276 /* EasyBoyTests.swift */ = {isa = PBXFileReference; lastKnownFileType = sourcecode.swift; path = EasyBoyTests.swift; sourceTree = "<group>"; };
		C663D5B12064B072008F2276 /* Info.plist */ = {isa = PBXFileReference; lastKnownFileType = text.plist.xml; path = Info.plist; sourceTree = "<group>"; };
		C663D5B62064B072008F2276 /* EasyBoyUITests.xctest */ = {isa = PBXFileReference; explicitFileType = wrapper.cfbundle; includeInIndex = 0; path = EasyBoyUITests.xctest; sourceTree = BUILT_PRODUCTS_DIR; };
		C663D5BA2064B072008F2276 /* EasyBoyUITests.swift */ = {isa = PBXFileReference; lastKnownFileType = sourcecode.swift; path = EasyBoyUITests.swift; sourceTree = "<group>"; };
		C663D5BC2064B072008F2276 /* Info.plist */ = {isa = PBXFileReference; lastKnownFileType = text.plist.xml; path = Info.plist; sourceTree = "<group>"; };
		C663D5CC2064B18A008F2276 /* Size.swift */ = {isa = PBXFileReference; lastKnownFileType = sourcecode.swift; path = Size.swift; sourceTree = "<group>"; };
		C663D5D02064B29C008F2276 /* Device.swift */ = {isa = PBXFileReference; lastKnownFileType = sourcecode.swift; path = Device.swift; sourceTree = "<group>"; };
/* End PBXFileReference section */

/* Begin PBXFrameworksBuildPhase section */
		C663D5942064B071008F2276 /* Frameworks */ = {
			isa = PBXFrameworksBuildPhase;
			buildActionMask = 2147483647;
			files = (
			);
			runOnlyForDeploymentPostprocessing = 0;
		};
		C663D5A82064B072008F2276 /* Frameworks */ = {
			isa = PBXFrameworksBuildPhase;
			buildActionMask = 2147483647;
			files = (
			);
			runOnlyForDeploymentPostprocessing = 0;
		};
		C663D5B32064B072008F2276 /* Frameworks */ = {
			isa = PBXFrameworksBuildPhase;
			buildActionMask = 2147483647;
			files = (
			);
			runOnlyForDeploymentPostprocessing = 0;
		};
/* End PBXFrameworksBuildPhase section */

/* Begin PBXGroup section */
		C663D58E2064B071008F2276 = {
			isa = PBXGroup;
			children = (
				C663D5992064B071008F2276 /* EasyBoy */,
				C663D5AE2064B072008F2276 /* EasyBoyTests */,
				C663D5B92064B072008F2276 /* EasyBoyUITests */,
				C663D5982064B071008F2276 /* Products */,
			);
			sourceTree = "<group>";
		};
		C663D5982064B071008F2276 /* Products */ = {
			isa = PBXGroup;
			children = (
				C663D5972064B071008F2276 /* EasyBoy.app */,
				C663D5AB2064B072008F2276 /* EasyBoyTests.xctest */,
				C663D5B62064B072008F2276 /* EasyBoyUITests.xctest */,
			);
			name = Products;
			sourceTree = "<group>";
		};
		C663D5992064B071008F2276 /* EasyBoy */ = {
			isa = PBXGroup;
			children = (
				C663D5C82064B093008F2276 /* Source */,
				C663D59A2064B071008F2276 /* AppDelegate.swift */,
				C663D59C2064B071008F2276 /* ViewController.swift */,
				C663D59E2064B071008F2276 /* Main.storyboard */,
				C663D5A12064B071008F2276 /* Assets.xcassets */,
				C663D5A32064B071008F2276 /* LaunchScreen.storyboard */,
				C663D5A62064B071008F2276 /* Info.plist */,
			);
			path = EasyBoy;
			sourceTree = "<group>";
		};
		C663D5AE2064B072008F2276 /* EasyBoyTests */ = {
			isa = PBXGroup;
			children = (
				C663D5AF2064B072008F2276 /* EasyBoyTests.swift */,
				C663D5B12064B072008F2276 /* Info.plist */,
			);
			path = EasyBoyTests;
			sourceTree = "<group>";
		};
		C663D5B92064B072008F2276 /* EasyBoyUITests */ = {
			isa = PBXGroup;
			children = (
				C663D5BA2064B072008F2276 /* EasyBoyUITests.swift */,
				C663D5BC2064B072008F2276 /* Info.plist */,
			);
			path = EasyBoyUITests;
			sourceTree = "<group>";
		};
		C663D5C82064B093008F2276 /* Source */ = {
			isa = PBXGroup;
			children = (
				C663D5C92064B093008F2276 /* Device */,
			);
			path = Source;
			sourceTree = "<group>";
		};
		C663D5C92064B093008F2276 /* Device */ = {
			isa = PBXGroup;
			children = (
				C64552D5206898E1007107AA /* Family.swift */,
				C64552D6206898E1007107AA /* Model.swift */,
				C663D5CC2064B18A008F2276 /* Size.swift */,
				C663D5D02064B29C008F2276 /* Device.swift */,
			);
			path = Device;
			sourceTree = "<group>";
		};
/* End PBXGroup section */

/* Begin PBXNativeTarget section */
		C663D5962064B071008F2276 /* EasyBoy */ = {
			isa = PBXNativeTarget;
			buildConfigurationList = C663D5BF2064B072008F2276 /* Build configuration list for PBXNativeTarget "EasyBoy" */;
			buildPhases = (
				C663D5932064B071008F2276 /* Sources */,
				C663D5942064B071008F2276 /* Frameworks */,
				C663D5952064B071008F2276 /* Resources */,
			);
			buildRules = (
			);
			dependencies = (
			);
			name = EasyBoy;
			productName = EasyBoy;
			productReference = C663D5972064B071008F2276 /* EasyBoy.app */;
			productType = "com.apple.product-type.application";
		};
		C663D5AA2064B072008F2276 /* EasyBoyTests */ = {
			isa = PBXNativeTarget;
			buildConfigurationList = C663D5C22064B072008F2276 /* Build configuration list for PBXNativeTarget "EasyBoyTests" */;
			buildPhases = (
				C663D5A72064B072008F2276 /* Sources */,
				C663D5A82064B072008F2276 /* Frameworks */,
				C663D5A92064B072008F2276 /* Resources */,
			);
			buildRules = (
			);
			dependencies = (
				C663D5AD2064B072008F2276 /* PBXTargetDependency */,
			);
			name = EasyBoyTests;
			productName = EasyBoyTests;
			productReference = C663D5AB2064B072008F2276 /* EasyBoyTests.xctest */;
			productType = "com.apple.product-type.bundle.unit-test";
		};
		C663D5B52064B072008F2276 /* EasyBoyUITests */ = {
			isa = PBXNativeTarget;
			buildConfigurationList = C663D5C52064B072008F2276 /* Build configuration list for PBXNativeTarget "EasyBoyUITests" */;
			buildPhases = (
				C663D5B22064B072008F2276 /* Sources */,
				C663D5B32064B072008F2276 /* Frameworks */,
				C663D5B42064B072008F2276 /* Resources */,
			);
			buildRules = (
			);
			dependencies = (
				C663D5B82064B072008F2276 /* PBXTargetDependency */,
			);
			name = EasyBoyUITests;
			productName = EasyBoyUITests;
			productReference = C663D5B62064B072008F2276 /* EasyBoyUITests.xctest */;
			productType = "com.apple.product-type.bundle.ui-testing";
		};
/* End PBXNativeTarget section */

/* Begin PBXProject section */
		C663D58F2064B071008F2276 /* Project object */ = {
			isa = PBXProject;
			attributes = {
				LastSwiftUpdateCheck = 0920;
				LastUpgradeCheck = 0920;
				ORGANIZATIONNAME = RockerHX;
				TargetAttributes = {
					C663D5962064B071008F2276 = {
						CreatedOnToolsVersion = 9.2;
						ProvisioningStyle = Automatic;
					};
					C663D5AA2064B072008F2276 = {
						CreatedOnToolsVersion = 9.2;
						ProvisioningStyle = Automatic;
						TestTargetID = C663D5962064B071008F2276;
					};
					C663D5B52064B072008F2276 = {
						CreatedOnToolsVersion = 9.2;
						ProvisioningStyle = Automatic;
						TestTargetID = C663D5962064B071008F2276;
					};
				};
			};
			buildConfigurationList = C663D5922064B071008F2276 /* Build configuration list for PBXProject "EasyBoy" */;
			compatibilityVersion = "Xcode 8.0";
			developmentRegion = en;
			hasScannedForEncodings = 0;
			knownRegions = (
				en,
				Base,
			);
			mainGroup = C663D58E2064B071008F2276;
			productRefGroup = C663D5982064B071008F2276 /* Products */;
			projectDirPath = "";
			projectRoot = "";
			targets = (
				C663D5962064B071008F2276 /* EasyBoy */,
				C663D5AA2064B072008F2276 /* EasyBoyTests */,
				C663D5B52064B072008F2276 /* EasyBoyUITests */,
			);
		};
/* End PBXProject section */

/* Begin PBXResourcesBuildPhase section */
		C663D5952064B071008F2276 /* Resources */ = {
			isa = PBXResourcesBuildPhase;
			buildActionMask = 2147483647;
			files = (
				C663D5A52064B071008F2276 /* LaunchScreen.storyboard in Resources */,
				C663D5A22064B071008F2276 /* Assets.xcassets in Resources */,
				C663D5A02064B071008F2276 /* Main.storyboard in Resources */,
			);
			runOnlyForDeploymentPostprocessing = 0;
		};
		C663D5A92064B072008F2276 /* Resources */ = {
			isa = PBXResourcesBuildPhase;
			buildActionMask = 2147483647;
			files = (
			);
			runOnlyForDeploymentPostprocessing = 0;
		};
		C663D5B42064B072008F2276 /* Resources */ = {
			isa = PBXResourcesBuildPhase;
			buildActionMask = 2147483647;
			files = (
			);
			runOnlyForDeploymentPostprocessing = 0;
		};
/* End PBXResourcesBuildPhase section */

/* Begin PBXSourcesBuildPhase section */
		C663D5932064B071008F2276 /* Sources */ = {
			isa = PBXSourcesBuildPhase;
			buildActionMask = 2147483647;
			files = (
				C663D5CD2064B18A008F2276 /* Size.swift in Sources */,
				C663D59D2064B071008F2276 /* ViewController.swift in Sources */,
				C663D5D12064B29C008F2276 /* Device.swift in Sources */,
				C64552D8206898E1007107AA /* Model.swift in Sources */,
				C64552D7206898E1007107AA /* Family.swift in Sources */,
				C663D59B2064B071008F2276 /* AppDelegate.swift in Sources */,
			);
			runOnlyForDeploymentPostprocessing = 0;
		};
		C663D5A72064B072008F2276 /* Sources */ = {
			isa = PBXSourcesBuildPhase;
			buildActionMask = 2147483647;
			files = (
				C663D5B02064B072008F2276 /* EasyBoyTests.swift in Sources */,
			);
			runOnlyForDeploymentPostprocessing = 0;
		};
		C663D5B22064B072008F2276 /* Sources */ = {
			isa = PBXSourcesBuildPhase;
			buildActionMask = 2147483647;
			files = (
				C663D5BB2064B072008F2276 /* EasyBoyUITests.swift in Sources */,
			);
			runOnlyForDeploymentPostprocessing = 0;
		};
/* End PBXSourcesBuildPhase section */

/* Begin PBXTargetDependency section */
		C663D5AD2064B072008F2276 /* PBXTargetDependency */ = {
			isa = PBXTargetDependency;
			target = C663D5962064B071008F2276 /* EasyBoy */;
			targetProxy = C663D5AC2064B072008F2276 /* PBXContainerItemProxy */;
		};
		C663D5B82064B072008F2276 /* PBXTargetDependency */ = {
			isa = PBXTargetDependency;
			target = C663D5962064B071008F2276 /* EasyBoy */;
			targetProxy = C663D5B72064B072008F2276 /* PBXContainerItemProxy */;
		};
/* End PBXTargetDependency section */

/* Begin PBXVariantGroup section */
		C663D59E2064B071008F2276 /* Main.storyboard */ = {
			isa = PBXVariantGroup;
			children = (
				C663D59F2064B071008F2276 /* Base */,
			);
			name = Main.storyboard;
			sourceTree = "<group>";
		};
		C663D5A32064B071008F2276 /* LaunchScreen.storyboard */ = {
			isa = PBXVariantGroup;
			children = (
				C663D5A42064B071008F2276 /* Base */,
			);
			name = LaunchScreen.storyboard;
			sourceTree = "<group>";
		};
/* End PBXVariantGroup section */

/* Begin XCBuildConfiguration section */
		C663D5BD2064B072008F2276 /* Debug */ = {
			isa = XCBuildConfiguration;
			buildSettings = {
				ALWAYS_SEARCH_USER_PATHS = NO;
				CLANG_ANALYZER_NONNULL = YES;
				CLANG_ANALYZER_NUMBER_OBJECT_CONVERSION = YES_AGGRESSIVE;
				CLANG_CXX_LANGUAGE_STANDARD = "gnu++14";
				CLANG_CXX_LIBRARY = "libc++";
				CLANG_ENABLE_MODULES = YES;
				CLANG_ENABLE_OBJC_ARC = YES;
				CLANG_WARN_BLOCK_CAPTURE_AUTORELEASING = YES;
				CLANG_WARN_BOOL_CONVERSION = YES;
				CLANG_WARN_COMMA = YES;
				CLANG_WARN_CONSTANT_CONVERSION = YES;
				CLANG_WARN_DIRECT_OBJC_ISA_USAGE = YES_ERROR;
				CLANG_WARN_DOCUMENTATION_COMMENTS = YES;
				CLANG_WARN_EMPTY_BODY = YES;
				CLANG_WARN_ENUM_CONVERSION = YES;
				CLANG_WARN_INFINITE_RECURSION = YES;
				CLANG_WARN_INT_CONVERSION = YES;
				CLANG_WARN_NON_LITERAL_NULL_CONVERSION = YES;
				CLANG_WARN_OBJC_LITERAL_CONVERSION = YES;
				CLANG_WARN_OBJC_ROOT_CLASS = YES_ERROR;
				CLANG_WARN_RANGE_LOOP_ANALYSIS = YES;
				CLANG_WARN_STRICT_PROTOTYPES = YES;
				CLANG_WARN_SUSPICIOUS_MOVE = YES;
				CLANG_WARN_UNGUARDED_AVAILABILITY = YES_AGGRESSIVE;
				CLANG_WARN_UNREACHABLE_CODE = YES;
				CLANG_WARN__DUPLICATE_METHOD_MATCH = YES;
				CODE_SIGN_IDENTITY = "iPhone Developer";
				COPY_PHASE_STRIP = NO;
				DEBUG_INFORMATION_FORMAT = dwarf;
				ENABLE_STRICT_OBJC_MSGSEND = YES;
				ENABLE_TESTABILITY = YES;
				GCC_C_LANGUAGE_STANDARD = gnu11;
				GCC_DYNAMIC_NO_PIC = NO;
				GCC_NO_COMMON_BLOCKS = YES;
				GCC_OPTIMIZATION_LEVEL = 0;
				GCC_PREPROCESSOR_DEFINITIONS = (
					"DEBUG=1",
					"$(inherited)",
				);
				GCC_WARN_64_TO_32_BIT_CONVERSION = YES;
				GCC_WARN_ABOUT_RETURN_TYPE = YES_ERROR;
				GCC_WARN_UNDECLARED_SELECTOR = YES;
				GCC_WARN_UNINITIALIZED_AUTOS = YES_AGGRESSIVE;
				GCC_WARN_UNUSED_FUNCTION = YES;
				GCC_WARN_UNUSED_VARIABLE = YES;
				IPHONEOS_DEPLOYMENT_TARGET = 11.2;
				MTL_ENABLE_DEBUG_INFO = YES;
				ONLY_ACTIVE_ARCH = YES;
				SDKROOT = iphoneos;
				SWIFT_ACTIVE_COMPILATION_CONDITIONS = DEBUG;
				SWIFT_OPTIMIZATION_LEVEL = "-Onone";
			};
			name = Debug;
		};
		C663D5BE2064B072008F2276 /* Release */ = {
			isa = XCBuildConfiguration;
			buildSettings = {
				ALWAYS_SEARCH_USER_PATHS = NO;
				CLANG_ANALYZER_NONNULL = YES;
				CLANG_ANALYZER_NUMBER_OBJECT_CONVERSION = YES_AGGRESSIVE;
				CLANG_CXX_LANGUAGE_STANDARD = "gnu++14";
				CLANG_CXX_LIBRARY = "libc++";
				CLANG_ENABLE_MODULES = YES;
				CLANG_ENABLE_OBJC_ARC = YES;
				CLANG_WARN_BLOCK_CAPTURE_AUTORELEASING = YES;
				CLANG_WARN_BOOL_CONVERSION = YES;
				CLANG_WARN_COMMA = YES;
				CLANG_WARN_CONSTANT_CONVERSION = YES;
				CLANG_WARN_DIRECT_OBJC_ISA_USAGE = YES_ERROR;
				CLANG_WARN_DOCUMENTATION_COMMENTS = YES;
				CLANG_WARN_EMPTY_BODY = YES;
				CLANG_WARN_ENUM_CONVERSION = YES;
				CLANG_WARN_INFINITE_RECURSION = YES;
				CLANG_WARN_INT_CONVERSION = YES;
				CLANG_WARN_NON_LITERAL_NULL_CONVERSION = YES;
				CLANG_WARN_OBJC_LITERAL_CONVERSION = YES;
				CLANG_WARN_OBJC_ROOT_CLASS = YES_ERROR;
				CLANG_WARN_RANGE_LOOP_ANALYSIS = YES;
				CLANG_WARN_STRICT_PROTOTYPES = YES;
				CLANG_WARN_SUSPICIOUS_MOVE = YES;
				CLANG_WARN_UNGUARDED_AVAILABILITY = YES_AGGRESSIVE;
				CLANG_WARN_UNREACHABLE_CODE = YES;
				CLANG_WARN__DUPLICATE_METHOD_MATCH = YES;
				CODE_SIGN_IDENTITY = "iPhone Developer";
				COPY_PHASE_STRIP = NO;
				DEBUG_INFORMATION_FORMAT = "dwarf-with-dsym";
				ENABLE_NS_ASSERTIONS = NO;
				ENABLE_STRICT_OBJC_MSGSEND = YES;
				GCC_C_LANGUAGE_STANDARD = gnu11;
				GCC_NO_COMMON_BLOCKS = YES;
				GCC_WARN_64_TO_32_BIT_CONVERSION = YES;
				GCC_WARN_ABOUT_RETURN_TYPE = YES_ERROR;
				GCC_WARN_UNDECLARED_SELECTOR = YES;
				GCC_WARN_UNINITIALIZED_AUTOS = YES_AGGRESSIVE;
				GCC_WARN_UNUSED_FUNCTION = YES;
				GCC_WARN_UNUSED_VARIABLE = YES;
				IPHONEOS_DEPLOYMENT_TARGET = 11.2;
				MTL_ENABLE_DEBUG_INFO = NO;
				SDKROOT = iphoneos;
				SWIFT_OPTIMIZATION_LEVEL = "-Owholemodule";
				VALIDATE_PRODUCT = YES;
			};
			name = Release;
		};
		C663D5C02064B072008F2276 /* Debug */ = {
			isa = XCBuildConfiguration;
			buildSettings = {
				ASSETCATALOG_COMPILER_APPICON_NAME = AppIcon;
				CODE_SIGN_STYLE = Automatic;
				INFOPLIST_FILE = EasyBoy/Info.plist;
				LD_RUNPATH_SEARCH_PATHS = "$(inherited) @executable_path/Frameworks";
				PRODUCT_BUNDLE_IDENTIFIER = cc.caver.EasyBoy;
				PRODUCT_NAME = "$(TARGET_NAME)";
				SWIFT_VERSION = 4.0;
				TARGETED_DEVICE_FAMILY = "1,2";
			};
			name = Debug;
		};
		C663D5C12064B072008F2276 /* Release */ = {
			isa = XCBuildConfiguration;
			buildSettings = {
				ASSETCATALOG_COMPILER_APPICON_NAME = AppIcon;
				CODE_SIGN_STYLE = Automatic;
				INFOPLIST_FILE = EasyBoy/Info.plist;
				LD_RUNPATH_SEARCH_PATHS = "$(inherited) @executable_path/Frameworks";
				PRODUCT_BUNDLE_IDENTIFIER = cc.caver.EasyBoy;
				PRODUCT_NAME = "$(TARGET_NAME)";
				SWIFT_VERSION = 4.0;
				TARGETED_DEVICE_FAMILY = "1,2";
			};
			name = Release;
		};
		C663D5C32064B072008F2276 /* Debug */ = {
			isa = XCBuildConfiguration;
			buildSettings = {
				ALWAYS_EMBED_SWIFT_STANDARD_LIBRARIES = YES;
				BUNDLE_LOADER = "$(TEST_HOST)";
				CODE_SIGN_STYLE = Automatic;
				INFOPLIST_FILE = EasyBoyTests/Info.plist;
				LD_RUNPATH_SEARCH_PATHS = "$(inherited) @executable_path/Frameworks @loader_path/Frameworks";
				PRODUCT_BUNDLE_IDENTIFIER = cc.caver.EasyBoyTests;
				PRODUCT_NAME = "$(TARGET_NAME)";
				SWIFT_VERSION = 4.0;
				TARGETED_DEVICE_FAMILY = "1,2";
				TEST_HOST = "$(BUILT_PRODUCTS_DIR)/EasyBoy.app/EasyBoy";
			};
			name = Debug;
		};
		C663D5C42064B072008F2276 /* Release */ = {
			isa = XCBuildConfiguration;
			buildSettings = {
				ALWAYS_EMBED_SWIFT_STANDARD_LIBRARIES = YES;
				BUNDLE_LOADER = "$(TEST_HOST)";
				CODE_SIGN_STYLE = Automatic;
				INFOPLIST_FILE = EasyBoyTests/Info.plist;
				LD_RUNPATH_SEARCH_PATHS = "$(inherited) @executable_path/Frameworks @loader_path/Frameworks";
				PRODUCT_BUNDLE_IDENTIFIER = cc.caver.EasyBoyTests;
				PRODUCT_NAME = "$(TARGET_NAME)";
				SWIFT_VERSION = 4.0;
				TARGETED_DEVICE_FAMILY = "1,2";
				TEST_HOST = "$(BUILT_PRODUCTS_DIR)/EasyBoy.app/EasyBoy";
			};
			name = Release;
		};
		C663D5C62064B072008F2276 /* Debug */ = {
			isa = XCBuildConfiguration;
			buildSettings = {
				ALWAYS_EMBED_SWIFT_STANDARD_LIBRARIES = YES;
				CODE_SIGN_STYLE = Automatic;
				INFOPLIST_FILE = EasyBoyUITests/Info.plist;
				LD_RUNPATH_SEARCH_PATHS = "$(inherited) @executable_path/Frameworks @loader_path/Frameworks";
				PRODUCT_BUNDLE_IDENTIFIER = cc.caver.EasyBoyUITests;
				PRODUCT_NAME = "$(TARGET_NAME)";
				SWIFT_VERSION = 4.0;
				TARGETED_DEVICE_FAMILY = "1,2";
				TEST_TARGET_NAME = EasyBoy;
			};
			name = Debug;
		};
		C663D5C72064B072008F2276 /* Release */ = {
			isa = XCBuildConfiguration;
			buildSettings = {
				ALWAYS_EMBED_SWIFT_STANDARD_LIBRARIES = YES;
				CODE_SIGN_STYLE = Automatic;
				INFOPLIST_FILE = EasyBoyUITests/Info.plist;
				LD_RUNPATH_SEARCH_PATHS = "$(inherited) @executable_path/Frameworks @loader_path/Frameworks";
				PRODUCT_BUNDLE_IDENTIFIER = cc.caver.EasyBoyUITests;
				PRODUCT_NAME = "$(TARGET_NAME)";
				SWIFT_VERSION = 4.0;
				TARGETED_DEVICE_FAMILY = "1,2";
				TEST_TARGET_NAME = EasyBoy;
			};
			name = Release;
		};
/* End XCBuildConfiguration section */

/* Begin XCConfigurationList section */
		C663D5922064B071008F2276 /* Build configuration list for PBXProject "EasyBoy" */ = {
			isa = XCConfigurationList;
			buildConfigurations = (
				C663D5BD2064B072008F2276 /* Debug */,
				C663D5BE2064B072008F2276 /* Release */,
			);
			defaultConfigurationIsVisible = 0;
			defaultConfigurationName = Release;
		};
		C663D5BF2064B072008F2276 /* Build configuration list for PBXNativeTarget "EasyBoy" */ = {
			isa = XCConfigurationList;
			buildConfigurations = (
				C663D5C02064B072008F2276 /* Debug */,
				C663D5C12064B072008F2276 /* Release */,
			);
			defaultConfigurationIsVisible = 0;
			defaultConfigurationName = Release;
		};
		C663D5C22064B072008F2276 /* Build configuration list for PBXNativeTarget "EasyBoyTests" */ = {
			isa = XCConfigurationList;
			buildConfigurations = (
				C663D5C32064B072008F2276 /* Debug */,
				C663D5C42064B072008F2276 /* Release */,
			);
			defaultConfigurationIsVisible = 0;
			defaultConfigurationName = Release;
		};
		C663D5C52064B072008F2276 /* Build configuration list for PBXNativeTarget "EasyBoyUITests" */ = {
			isa = XCConfigurationList;
			buildConfigurations = (
				C663D5C62064B072008F2276 /* Debug */,
				C663D5C72064B072008F2276 /* Release */,
			);
			defaultConfigurationIsVisible = 0;
			defaultConfigurationName = Release;
		};
/* End XCConfigurationList section */
	};
	rootObject = C663D58F2064B071008F2276 /* Project object */;
}
