// !$*UTF8*$!
{
	archiveVersion = 1;
	classes = {
	};
	objectVersion = 48;
	objects = {

/* Begin PBXBuildFile section */
		87BD320AEB80B28FDC77F199 /* Pods_tvOSDevicesDemo.framework in Frameworks */ = {isa = PBXBuildFile; fileRef = DC13212C3D007A30181B930E /* Pods_tvOSDevicesDemo.framework */; };
		C60BDF17206CD8EF00713CA9 /* AppDelegate.swift in Sources */ = {isa = PBXBuildFile; fileRef = C60BDF16206CD8EF00713CA9 /* AppDelegate.swift */; };
		C60BDF19206CD8EF00713CA9 /* ViewController.swift in Sources */ = {isa = PBXBuildFile; fileRef = C60BDF18206CD8EF00713CA9 /* ViewController.swift */; };
		C60BDF1C206CD8EF00713CA9 /* Main.storyboard in Resources */ = {isa = PBXBuildFile; fileRef = C60BDF1A206CD8EF00713CA9 /* Main.storyboard */; };
		C60BDF1E206CD8EF00713CA9 /* Assets.xcassets in Resources */ = {isa = PBXBuildFile; fileRef = C60BDF1D206CD8EF00713CA9 /* Assets.xcassets */; };
/* End PBXBuildFile section */

/* Begin PBXFileReference section */
		AD06BBBE578691BC5EBEA16A /* Pods-tvOSDevicesDemo.debug.xcconfig */ = {isa = PBXFileReference; includeInIndex = 1; lastKnownFileType = text.xcconfig; name = "Pods-tvOSDevicesDemo.debug.xcconfig"; path = "Pods/Target Support Files/Pods-tvOSDevicesDemo/Pods-tvOSDevicesDemo.debug.xcconfig"; sourceTree = "<group>"; };
		C60BDF13206CD8EF00713CA9 /* tvOSDevicesDemo.app */ = {isa = PBXFileReference; explicitFileType = wrapper.application; includeInIndex = 0; path = tvOSDevicesDemo.app; sourceTree = BUILT_PRODUCTS_DIR; };
		C60BDF16206CD8EF00713CA9 /* AppDelegate.swift */ = {isa = PBXFileReference; lastKnownFileType = sourcecode.swift; path = AppDelegate.swift; sourceTree = "<group>"; };
		C60BDF18206CD8EF00713CA9 /* ViewController.swift */ = {isa = PBXFileReference; lastKnownFileType = sourcecode.swift; path = ViewController.swift; sourceTree = "<group>"; };
		C60BDF1B206CD8EF00713CA9 /* Base */ = {isa = PBXFileReference; lastKnownFileType = file.storyboard; name = Base; path = Base.lproj/Main.storyboard; sourceTree = "<group>"; };
		C60BDF1D206CD8EF00713CA9 /* Assets.xcassets */ = {isa = PBXFileReference; lastKnownFileType = folder.assetcatalog; path = Assets.xcassets; sourceTree = "<group>"; };
		C60BDF1F206CD8EF00713CA9 /* Info.plist */ = {isa = PBXFileReference; lastKnownFileType = text.plist.xml; path = Info.plist; sourceTree = "<group>"; };
		DC13212C3D007A30181B930E /* Pods_tvOSDevicesDemo.framework */ = {isa = PBXFileReference; explicitFileType = wrapper.framework; includeInIndex = 0; path = Pods_tvOSDevicesDemo.framework; sourceTree = BUILT_PRODUCTS_DIR; };
		E748C2064D06AF3A29E79438 /* Pods-tvOSDevicesDemo.release.xcconfig */ = {isa = PBXFileReference; includeInIndex = 1; lastKnownFileType = text.xcconfig; name = "Pods-tvOSDevicesDemo.release.xcconfig"; path = "Pods/Target Support Files/Pods-tvOSDevicesDemo/Pods-tvOSDevicesDemo.release.xcconfig"; sourceTree = "<group>"; };
/* End PBXFileReference section */

/* Begin PBXFrameworksBuildPhase section */
		C60BDF10206CD8EF00713CA9 /* Frameworks */ = {
			isa = PBXFrameworksBuildPhase;
			buildActionMask = 2147483647;
			files = (
				87BD320AEB80B28FDC77F199 /* Pods_tvOSDevicesDemo.framework in Frameworks */,
			);
			runOnlyForDeploymentPostprocessing = 0;
		};
/* End PBXFrameworksBuildPhase section */

/* Begin PBXGroup section */
		37BA69D14911317E70F29BFD /* Pods */ = {
			isa = PBXGroup;
			children = (
				AD06BBBE578691BC5EBEA16A /* Pods-tvOSDevicesDemo.debug.xcconfig */,
				E748C2064D06AF3A29E79438 /* Pods-tvOSDevicesDemo.release.xcconfig */,
			);
			name = Pods;
			sourceTree = "<group>";
		};
		C60BDF0A206CD8EF00713CA9 = {
			isa = PBXGroup;
			children = (
				C60BDF15206CD8EF00713CA9 /* tvOSDevicesDemo */,
				C60BDF14206CD8EF00713CA9 /* Products */,
				37BA69D14911317E70F29BFD /* Pods */,
				F3816AB18615B9CD0E2E33A5 /* Frameworks */,
			);
			sourceTree = "<group>";
		};
		C60BDF14206CD8EF00713CA9 /* Products */ = {
			isa = PBXGroup;
			children = (
				C60BDF13206CD8EF00713CA9 /* tvOSDevicesDemo.app */,
			);
			name = Products;
			sourceTree = "<group>";
		};
		C60BDF15206CD8EF00713CA9 /* tvOSDevicesDemo */ = {
			isa = PBXGroup;
			children = (
				C60BDF16206CD8EF00713CA9 /* AppDelegate.swift */,
				C60BDF18206CD8EF00713CA9 /* ViewController.swift */,
				C60BDF1A206CD8EF00713CA9 /* Main.storyboard */,
				C60BDF1D206CD8EF00713CA9 /* Assets.xcassets */,
				C60BDF1F206CD8EF00713CA9 /* Info.plist */,
			);
			path = tvOSDevicesDemo;
			sourceTree = "<group>";
		};
		F3816AB18615B9CD0E2E33A5 /* Frameworks */ = {
			isa = PBXGroup;
			children = (
				DC13212C3D007A30181B930E /* Pods_tvOSDevicesDemo.framework */,
			);
			name = Frameworks;
			sourceTree = "<group>";
		};
/* End PBXGroup section */

/* Begin PBXNativeTarget section */
		C60BDF12206CD8EF00713CA9 /* tvOSDevicesDemo */ = {
			isa = PBXNativeTarget;
			buildConfigurationList = C60BDF22206CD8EF00713CA9 /* Build configuration list for PBXNativeTarget "tvOSDevicesDemo" */;
			buildPhases = (
				52DB5D15251003DDF1B5C8F2 /* [CP] Check Pods Manifest.lock */,
				C60BDF0F206CD8EF00713CA9 /* Sources */,
				C60BDF10206CD8EF00713CA9 /* Frameworks */,
				C60BDF11206CD8EF00713CA9 /* Resources */,
				42E1A23B746E2B5AF0109467 /* [CP] Embed Pods Frameworks */,
			);
			buildRules = (
			);
			dependencies = (
			);
			name = tvOSDevicesDemo;
			productName = tvOSDevicesDemo;
			productReference = C60BDF13206CD8EF00713CA9 /* tvOSDevicesDemo.app */;
			productType = "com.apple.product-type.application";
		};
/* End PBXNativeTarget section */

/* Begin PBXProject section */
		C60BDF0B206CD8EF00713CA9 /* Project object */ = {
			isa = PBXProject;
			attributes = {
				LastSwiftUpdateCheck = 0920;
				LastUpgradeCheck = 0930;
				ORGANIZATIONNAME = RockerHX;
				TargetAttributes = {
					C60BDF12206CD8EF00713CA9 = {
						CreatedOnToolsVersion = 9.2;
						ProvisioningStyle = Manual;
					};
				};
			};
			buildConfigurationList = C60BDF0E206CD8EF00713CA9 /* Build configuration list for PBXProject "tvOSDevicesDemo" */;
			compatibilityVersion = "Xcode 8.0";
			developmentRegion = en;
			hasScannedForEncodings = 0;
			knownRegions = (
				en,
				Base,
			);
			mainGroup = C60BDF0A206CD8EF00713CA9;
			productRefGroup = C60BDF14206CD8EF00713CA9 /* Products */;
			projectDirPath = "";
			projectRoot = "";
			targets = (
				C60BDF12206CD8EF00713CA9 /* tvOSDevicesDemo */,
			);
		};
/* End PBXProject section */

/* Begin PBXResourcesBuildPhase section */
		C60BDF11206CD8EF00713CA9 /* Resources */ = {
			isa = PBXResourcesBuildPhase;
			buildActionMask = 2147483647;
			files = (
				C60BDF1E206CD8EF00713CA9 /* Assets.xcassets in Resources */,
				C60BDF1C206CD8EF00713CA9 /* Main.storyboard in Resources */,
			);
			runOnlyForDeploymentPostprocessing = 0;
		};
/* End PBXResourcesBuildPhase section */

/* Begin PBXShellScriptBuildPhase section */
		42E1A23B746E2B5AF0109467 /* [CP] Embed Pods Frameworks */ = {
			isa = PBXShellScriptBuildPhase;
			buildActionMask = 2147483647;
			files = (
			);
			inputPaths = (
				"${SRCROOT}/Pods/Target Support Files/Pods-tvOSDevicesDemo/Pods-tvOSDevicesDemo-frameworks.sh",
				"${BUILT_PRODUCTS_DIR}/Devices/Devices.framework",
			);
			name = "[CP] Embed Pods Frameworks";
			outputPaths = (
				"${TARGET_BUILD_DIR}/${FRAMEWORKS_FOLDER_PATH}/Devices.framework",
			);
			runOnlyForDeploymentPostprocessing = 0;
			shellPath = /bin/sh;
			shellScript = "\"${SRCROOT}/Pods/Target Support Files/Pods-tvOSDevicesDemo/Pods-tvOSDevicesDemo-frameworks.sh\"\n";
			showEnvVarsInLog = 0;
		};
		52DB5D15251003DDF1B5C8F2 /* [CP] Check Pods Manifest.lock */ = {
			isa = PBXShellScriptBuildPhase;
			buildActionMask = 2147483647;
			files = (
			);
			inputPaths = (
				"${PODS_PODFILE_DIR_PATH}/Podfile.lock",
				"${PODS_ROOT}/Manifest.lock",
			);
			name = "[CP] Check Pods Manifest.lock";
			outputPaths = (
				"$(DERIVED_FILE_DIR)/Pods-tvOSDevicesDemo-checkManifestLockResult.txt",
			);
			runOnlyForDeploymentPostprocessing = 0;
			shellPath = /bin/sh;
			shellScript = "diff \"${PODS_PODFILE_DIR_PATH}/Podfile.lock\" \"${PODS_ROOT}/Manifest.lock\" > /dev/null\nif [ $? != 0 ] ; then\n    # print error to STDERR\n    echo \"error: The sandbox is not in sync with the Podfile.lock. Run 'pod install' or update your CocoaPods installation.\" >&2\n    exit 1\nfi\n# This output is used by Xcode 'outputs' to avoid re-running this script phase.\necho \"SUCCESS\" > \"${SCRIPT_OUTPUT_FILE_0}\"\n";
			showEnvVarsInLog = 0;
		};
/* End PBXShellScriptBuildPhase section */

/* Begin PBXSourcesBuildPhase section */
		C60BDF0F206CD8EF00713CA9 /* Sources */ = {
			isa = PBXSourcesBuildPhase;
			buildActionMask = 2147483647;
			files = (
				C60BDF19206CD8EF00713CA9 /* ViewController.swift in Sources */,
				C60BDF17206CD8EF00713CA9 /* AppDelegate.swift in Sources */,
			);
			runOnlyForDeploymentPostprocessing = 0;
		};
/* End PBXSourcesBuildPhase section */

/* Begin PBXVariantGroup section */
		C60BDF1A206CD8EF00713CA9 /* Main.storyboard */ = {
			isa = PBXVariantGroup;
			children = (
				C60BDF1B206CD8EF00713CA9 /* Base */,
			);
			name = Main.storyboard;
			sourceTree = "<group>";
		};
/* End PBXVariantGroup section */

/* Begin XCBuildConfiguration section */
		C60BDF20206CD8EF00713CA9 /* Debug */ = {
			isa = XCBuildConfiguration;
			buildSettings = {
				ALWAYS_SEARCH_USER_PATHS = NO;
				CLANG_ANALYZER_NONNULL = YES;
				CLANG_ANALYZER_NUMBER_OBJECT_CONVERSION = YES_AGGRESSIVE;
				CLANG_CXX_LANGUAGE_STANDARD = "gnu++14";
				CLANG_CXX_LIBRARY = "libc++";
				CLANG_ENABLE_MODULES = YES;
				CLANG_ENABLE_OBJC_ARC = YES;
				CLANG_WARN_BLOCK_CAPTURE_AUTORELEASING = YES;
				CLANG_WARN_BOOL_CONVERSION = YES;
				CLANG_WARN_COMMA = YES;
				CLANG_WARN_CONSTANT_CONVERSION = YES;
				CLANG_WARN_DEPRECATED_OBJC_IMPLEMENTATIONS = YES;
				CLANG_WARN_DIRECT_OBJC_ISA_USAGE = YES_ERROR;
				CLANG_WARN_DOCUMENTATION_COMMENTS = YES;
				CLANG_WARN_EMPTY_BODY = YES;
				CLANG_WARN_ENUM_CONVERSION = YES;
				CLANG_WARN_INFINITE_RECURSION = YES;
				CLANG_WARN_INT_CONVERSION = YES;
				CLANG_WARN_NON_LITERAL_NULL_CONVERSION = YES;
				CLANG_WARN_OBJC_IMPLICIT_RETAIN_SELF = YES;
				CLANG_WARN_OBJC_LITERAL_CONVERSION = YES;
				CLANG_WARN_OBJC_ROOT_CLASS = YES_ERROR;
				CLANG_WARN_RANGE_LOOP_ANALYSIS = YES;
				CLANG_WARN_STRICT_PROTOTYPES = YES;
				CLANG_WARN_SUSPICIOUS_MOVE = YES;
				CLANG_WARN_UNGUARDED_AVAILABILITY = YES_AGGRESSIVE;
				CLANG_WARN_UNREACHABLE_CODE = YES;
				CLANG_WARN__DUPLICATE_METHOD_MATCH = YES;
				COPY_PHASE_STRIP = NO;
				DEBUG_INFORMATION_FORMAT = dwarf;
				ENABLE_STRICT_OBJC_MSGSEND = YES;
				ENABLE_TESTABILITY = YES;
				GCC_C_LANGUAGE_STANDARD = gnu11;
				GCC_DYNAMIC_NO_PIC = NO;
				GCC_NO_COMMON_BLOCKS = YES;
				GCC_OPTIMIZATION_LEVEL = 0;
				GCC_PREPROCESSOR_DEFINITIONS = (
					"DEBUG=1",
					"$(inherited)",
				);
				GCC_WARN_64_TO_32_BIT_CONVERSION = YES;
				GCC_WARN_ABOUT_RETURN_TYPE = YES_ERROR;
				GCC_WARN_UNDECLARED_SELECTOR = YES;
				GCC_WARN_UNINITIALIZED_AUTOS = YES_AGGRESSIVE;
				GCC_WARN_UNUSED_FUNCTION = YES;
				GCC_WARN_UNUSED_VARIABLE = YES;
				MTL_ENABLE_DEBUG_INFO = YES;
				ONLY_ACTIVE_ARCH = YES;
				SDKROOT = appletvos;
				SWIFT_ACTIVE_COMPILATION_CONDITIONS = DEBUG;
				SWIFT_OPTIMIZATION_LEVEL = "-Onone";
				TVOS_DEPLOYMENT_TARGET = 11.2;
			};
			name = Debug;
		};
		C60BDF21206CD8EF00713CA9 /* Release */ = {
			isa = XCBuildConfiguration;
			buildSettings = {
				ALWAYS_SEARCH_USER_PATHS = NO;
				CLANG_ANALYZER_NONNULL = YES;
				CLANG_ANALYZER_NUMBER_OBJECT_CONVERSION = YES_AGGRESSIVE;
				CLANG_CXX_LANGUAGE_STANDARD = "gnu++14";
				CLANG_CXX_LIBRARY = "libc++";
				CLANG_ENABLE_MODULES = YES;
				CLANG_ENABLE_OBJC_ARC = YES;
				CLANG_WARN_BLOCK_CAPTURE_AUTORELEASING = YES;
				CLANG_WARN_BOOL_CONVERSION = YES;
				CLANG_WARN_COMMA = YES;
				CLANG_WARN_CONSTANT_CONVERSION = YES;
				CLANG_WARN_DEPRECATED_OBJC_IMPLEMENTATIONS = YES;
				CLANG_WARN_DIRECT_OBJC_ISA_USAGE = YES_ERROR;
				CLANG_WARN_DOCUMENTATION_COMMENTS = YES;
				CLANG_WARN_EMPTY_BODY = YES;
				CLANG_WARN_ENUM_CONVERSION = YES;
				CLANG_WARN_INFINITE_RECURSION = YES;
				CLANG_WARN_INT_CONVERSION = YES;
				CLANG_WARN_NON_LITERAL_NULL_CONVERSION = YES;
				CLANG_WARN_OBJC_IMPLICIT_RETAIN_SELF = YES;
				CLANG_WARN_OBJC_LITERAL_CONVERSION = YES;
				CLANG_WARN_OBJC_ROOT_CLASS = YES_ERROR;
				CLANG_WARN_RANGE_LOOP_ANALYSIS = YES;
				CLANG_WARN_STRICT_PROTOTYPES = YES;
				CLANG_WARN_SUSPICIOUS_MOVE = YES;
				CLANG_WARN_UNGUARDED_AVAILABILITY = YES_AGGRESSIVE;
				CLANG_WARN_UNREACHABLE_CODE = YES;
				CLANG_WARN__DUPLICATE_METHOD_MATCH = YES;
				COPY_PHASE_STRIP = NO;
				DEBUG_INFORMATION_FORMAT = "dwarf-with-dsym";
				ENABLE_NS_ASSERTIONS = NO;
				ENABLE_STRICT_OBJC_MSGSEND = YES;
				GCC_C_LANGUAGE_STANDARD = gnu11;
				GCC_NO_COMMON_BLOCKS = YES;
				GCC_WARN_64_TO_32_BIT_CONVERSION = YES;
				GCC_WARN_ABOUT_RETURN_TYPE = YES_ERROR;
				GCC_WARN_UNDECLARED_SELECTOR = YES;
				GCC_WARN_UNINITIALIZED_AUTOS = YES_AGGRESSIVE;
				GCC_WARN_UNUSED_FUNCTION = YES;
				GCC_WARN_UNUSED_VARIABLE = YES;
				MTL_ENABLE_DEBUG_INFO = NO;
				SDKROOT = appletvos;
				SWIFT_OPTIMIZATION_LEVEL = "-Owholemodule";
				TVOS_DEPLOYMENT_TARGET = 11.2;
				VALIDATE_PRODUCT = YES;
			};
			name = Release;
		};
		C60BDF23206CD8EF00713CA9 /* Debug */ = {
			isa = XCBuildConfiguration;
			baseConfigurationReference = AD06BBBE578691BC5EBEA16A /* Pods-tvOSDevicesDemo.debug.xcconfig */;
			buildSettings = {
				ASSETCATALOG_COMPILER_APPICON_NAME = "App Icon & Top Shelf Image";
				ASSETCATALOG_COMPILER_LAUNCHIMAGE_NAME = LaunchImage;
				CODE_SIGN_STYLE = Manual;
				DEVELOPMENT_TEAM = "";
				INFOPLIST_FILE = tvOSDevicesDemo/Info.plist;
				LD_RUNPATH_SEARCH_PATHS = "$(inherited) @executable_path/Frameworks";
				PRODUCT_BUNDLE_IDENTIFIER = cc.caver.tvOSDevicesDemo;
				PRODUCT_NAME = "$(TARGET_NAME)";
				PROVISIONING_PROFILE_SPECIFIER = "";
				SWIFT_VERSION = 4.0;
				TARGETED_DEVICE_FAMILY = 3;
			};
			name = Debug;
		};
		C60BDF24206CD8EF00713CA9 /* Release */ = {
			isa = XCBuildConfiguration;
			baseConfigurationReference = E748C2064D06AF3A29E79438 /* Pods-tvOSDevicesDemo.release.xcconfig */;
			buildSettings = {
				ASSETCATALOG_COMPILER_APPICON_NAME = "App Icon & Top Shelf Image";
				ASSETCATALOG_COMPILER_LAUNCHIMAGE_NAME = LaunchImage;
				CODE_SIGN_STYLE = Manual;
				DEVELOPMENT_TEAM = "";
				INFOPLIST_FILE = tvOSDevicesDemo/Info.plist;
				LD_RUNPATH_SEARCH_PATHS = "$(inherited) @executable_path/Frameworks";
				PRODUCT_BUNDLE_IDENTIFIER = cc.caver.tvOSDevicesDemo;
				PRODUCT_NAME = "$(TARGET_NAME)";
				PROVISIONING_PROFILE_SPECIFIER = "";
				SWIFT_VERSION = 4.0;
				TARGETED_DEVICE_FAMILY = 3;
			};
			name = Release;
		};
/* End XCBuildConfiguration section */

/* Begin XCConfigurationList section */
		C60BDF0E206CD8EF00713CA9 /* Build configuration list for PBXProject "tvOSDevicesDemo" */ = {
			isa = XCConfigurationList;
			buildConfigurations = (
				C60BDF20206CD8EF00713CA9 /* Debug */,
				C60BDF21206CD8EF00713CA9 /* Release */,
			);
			defaultConfigurationIsVisible = 0;
			defaultConfigurationName = Release;
		};
		C60BDF22206CD8EF00713CA9 /* Build configuration list for PBXNativeTarget "tvOSDevicesDemo" */ = {
			isa = XCConfigurationList;
			buildConfigurations = (
				C60BDF23206CD8EF00713CA9 /* Debug */,
				C60BDF24206CD8EF00713CA9 /* Release */,
			);
			defaultConfigurationIsVisible = 0;
			defaultConfigurationName = Release;
		};
/* End XCConfigurationList section */
	};
	rootObject = C60BDF0B206CD8EF00713CA9 /* Project object */;
}
