// !$*UTF8*$!
{
	archiveVersion = 1;
	classes = {
	};
	objectVersion = 48;
	objects = {

/* Begin PBXBuildFile section */
		08D82A7033AD279D3838CDCD /* Pods_EasyBoyTests.framework in Frameworks */ = {isa = PBXBuildFile; fileRef = 15F4FF2FD4F4A0F5D76C2C22 /* Pods_EasyBoyTests.framework */; };
		251045A0CF9AEDD1EECC3E47 /* Pods_EasyBoyUITests.framework in Frameworks */ = {isa = PBXBuildFile; fileRef = C0A93FB25B86C0BBBD201420 /* Pods_EasyBoyUITests.framework */; };
		C663D59B2064B071008F2276 /* AppDelegate.swift in Sources */ = {isa = PBXBuildFile; fileRef = C663D59A2064B071008F2276 /* AppDelegate.swift */; };
		C663D59D2064B071008F2276 /* ViewController.swift in Sources */ = {isa = PBXBuildFile; fileRef = C663D59C2064B071008F2276 /* ViewController.swift */; };
		C663D5A02064B071008F2276 /* Main.storyboard in Resources */ = {isa = PBXBuildFile; fileRef = C663D59E2064B071008F2276 /* Main.storyboard */; };
		C663D5A22064B071008F2276 /* Assets.xcassets in Resources */ = {isa = PBXBuildFile; fileRef = C663D5A12064B071008F2276 /* Assets.xcassets */; };
		C663D5A52064B071008F2276 /* LaunchScreen.storyboard in Resources */ = {isa = PBXBuildFile; fileRef = C663D5A32064B071008F2276 /* LaunchScreen.storyboard */; };
		C663D5B02064B072008F2276 /* EasyBoyTests.swift in Sources */ = {isa = PBXBuildFile; fileRef = C663D5AF2064B072008F2276 /* EasyBoyTests.swift */; };
		C663D5BB2064B072008F2276 /* EasyBoyUITests.swift in Sources */ = {isa = PBXBuildFile; fileRef = C663D5BA2064B072008F2276 /* EasyBoyUITests.swift */; };
		DDD1CBCCF7D66F12F42B3E93 /* Pods_EasyBoy.framework in Frameworks */ = {isa = PBXBuildFile; fileRef = AE08EFF9F450F813B1716E3D /* Pods_EasyBoy.framework */; };
/* End PBXBuildFile section */

/* Begin PBXContainerItemProxy section */
		C663D5AC2064B072008F2276 /* PBXContainerItemProxy */ = {
			isa = PBXContainerItemProxy;
			containerPortal = C663D58F2064B071008F2276 /* Project object */;
			proxyType = 1;
			remoteGlobalIDString = C663D5962064B071008F2276;
			remoteInfo = EasyBoy;
		};
		C663D5B72064B072008F2276 /* PBXContainerItemProxy */ = {
			isa = PBXContainerItemProxy;
			containerPortal = C663D58F2064B071008F2276 /* Project object */;
			proxyType = 1;
			remoteGlobalIDString = C663D5962064B071008F2276;
			remoteInfo = EasyBoy;
		};
/* End PBXContainerItemProxy section */

/* Begin PBXFileReference section */
		09F4295A004420926E046E8E /* Pods-EasyBoyUITests.release.xcconfig */ = {isa = PBXFileReference; includeInIndex = 1; lastKnownFileType = text.xcconfig; name = "Pods-EasyBoyUITests.release.xcconfig"; path = "Pods/Target Support Files/Pods-EasyBoyUITests/Pods-EasyBoyUITests.release.xcconfig"; sourceTree = "<group>"; };
		15F4FF2FD4F4A0F5D76C2C22 /* Pods_EasyBoyTests.framework */ = {isa = PBXFileReference; explicitFileType = wrapper.framework; includeInIndex = 0; path = Pods_EasyBoyTests.framework; sourceTree = BUILT_PRODUCTS_DIR; };
		40A79B86AD37B78BA8F093E3 /* Pods-EasyBoyUITests.debug.xcconfig */ = {isa = PBXFileReference; includeInIndex = 1; lastKnownFileType = text.xcconfig; name = "Pods-EasyBoyUITests.debug.xcconfig"; path = "Pods/Target Support Files/Pods-EasyBoyUITests/Pods-EasyBoyUITests.debug.xcconfig"; sourceTree = "<group>"; };
		AE08EFF9F450F813B1716E3D /* Pods_EasyBoy.framework */ = {isa = PBXFileReference; explicitFileType = wrapper.framework; includeInIndex = 0; path = Pods_EasyBoy.framework; sourceTree = BUILT_PRODUCTS_DIR; };
		B44CD2FE62F0BB96B62C38BB /* Pods-EasyBoy.release.xcconfig */ = {isa = PBXFileReference; includeInIndex = 1; lastKnownFileType = text.xcconfig; name = "Pods-EasyBoy.release.xcconfig"; path = "Pods/Target Support Files/Pods-EasyBoy/Pods-EasyBoy.release.xcconfig"; sourceTree = "<group>"; };
		B6DC48DE798EFEC140F91F1D /* Pods-EasyBoyTests.release.xcconfig */ = {isa = PBXFileReference; includeInIndex = 1; lastKnownFileType = text.xcconfig; name = "Pods-EasyBoyTests.release.xcconfig"; path = "Pods/Target Support Files/Pods-EasyBoyTests/Pods-EasyBoyTests.release.xcconfig"; sourceTree = "<group>"; };
		C0A93FB25B86C0BBBD201420 /* Pods_EasyBoyUITests.framework */ = {isa = PBXFileReference; explicitFileType = wrapper.framework; includeInIndex = 0; path = Pods_EasyBoyUITests.framework; sourceTree = BUILT_PRODUCTS_DIR; };
		C663D5972064B071008F2276 /* EasyBoyDemo.app */ = {isa = PBXFileReference; explicitFileType = wrapper.application; includeInIndex = 0; path = EasyBoyDemo.app; sourceTree = BUILT_PRODUCTS_DIR; };
		C663D59A2064B071008F2276 /* AppDelegate.swift */ = {isa = PBXFileReference; lastKnownFileType = sourcecode.swift; path = AppDelegate.swift; sourceTree = "<group>"; };
		C663D59C2064B071008F2276 /* ViewController.swift */ = {isa = PBXFileReference; lastKnownFileType = sourcecode.swift; path = ViewController.swift; sourceTree = "<group>"; };
		C663D59F2064B071008F2276 /* Base */ = {isa = PBXFileReference; lastKnownFileType = file.storyboard; name = Base; path = Base.lproj/Main.storyboard; sourceTree = "<group>"; };
		C663D5A12064B071008F2276 /* Assets.xcassets */ = {isa = PBXFileReference; lastKnownFileType = folder.assetcatalog; path = Assets.xcassets; sourceTree = "<group>"; };
		C663D5A42064B071008F2276 /* Base */ = {isa = PBXFileReference; lastKnownFileType = file.storyboard; name = Base; path = Base.lproj/LaunchScreen.storyboard; sourceTree = "<group>"; };
		C663D5A62064B071008F2276 /* Info.plist */ = {isa = PBXFileReference; lastKnownFileType = text.plist.xml; path = Info.plist; sourceTree = "<group>"; };
		C663D5AB2064B072008F2276 /* EasyBoyDemoTests.xctest */ = {isa = PBXFileReference; explicitFileType = wrapper.cfbundle; includeInIndex = 0; path = EasyBoyDemoTests.xctest; sourceTree = BUILT_PRODUCTS_DIR; };
		C663D5AF2064B072008F2276 /* EasyBoyTests.swift */ = {isa = PBXFileReference; lastKnownFileType = sourcecode.swift; path = EasyBoyTests.swift; sourceTree = "<group>"; };
		C663D5B12064B072008F2276 /* Info.plist */ = {isa = PBXFileReference; lastKnownFileType = text.plist.xml; path = Info.plist; sourceTree = "<group>"; };
		C663D5B62064B072008F2276 /* EasyBoyDemoUITests.xctest */ = {isa = PBXFileReference; explicitFileType = wrapper.cfbundle; includeInIndex = 0; path = EasyBoyDemoUITests.xctest; sourceTree = BUILT_PRODUCTS_DIR; };
		C663D5BA2064B072008F2276 /* EasyBoyUITests.swift */ = {isa = PBXFileReference; lastKnownFileType = sourcecode.swift; path = EasyBoyUITests.swift; sourceTree = "<group>"; };
		C663D5BC2064B072008F2276 /* Info.plist */ = {isa = PBXFileReference; lastKnownFileType = text.plist.xml; path = Info.plist; sourceTree = "<group>"; };
		CCBD769D8D956A38EFE73915 /* Pods-EasyBoyTests.debug.xcconfig */ = {isa = PBXFileReference; includeInIndex = 1; lastKnownFileType = text.xcconfig; name = "Pods-EasyBoyTests.debug.xcconfig"; path = "Pods/Target Support Files/Pods-EasyBoyTests/Pods-EasyBoyTests.debug.xcconfig"; sourceTree = "<group>"; };
		DF5695A1D10B71F71234A126 /* Pods-EasyBoy.debug.xcconfig */ = {isa = PBXFileReference; includeInIndex = 1; lastKnownFileType = text.xcconfig; name = "Pods-EasyBoy.debug.xcconfig"; path = "Pods/Target Support Files/Pods-EasyBoy/Pods-EasyBoy.debug.xcconfig"; sourceTree = "<group>"; };
/* End PBXFileReference section */

/* Begin PBXFrameworksBuildPhase section */
		C663D5942064B071008F2276 /* Frameworks */ = {
			isa = PBXFrameworksBuildPhase;
			buildActionMask = 2147483647;
			files = (
				DDD1CBCCF7D66F12F42B3E93 /* Pods_EasyBoy.framework in Frameworks */,
			);
			runOnlyForDeploymentPostprocessing = 0;
		};
		C663D5A82064B072008F2276 /* Frameworks */ = {
			isa = PBXFrameworksBuildPhase;
			buildActionMask = 2147483647;
			files = (
				08D82A7033AD279D3838CDCD /* Pods_EasyBoyTests.framework in Frameworks */,
			);
			runOnlyForDeploymentPostprocessing = 0;
		};
		C663D5B32064B072008F2276 /* Frameworks */ = {
			isa = PBXFrameworksBuildPhase;
			buildActionMask = 2147483647;
			files = (
				251045A0CF9AEDD1EECC3E47 /* Pods_EasyBoyUITests.framework in Frameworks */,
			);
			runOnlyForDeploymentPostprocessing = 0;
		};
/* End PBXFrameworksBuildPhase section */

/* Begin PBXGroup section */
		6F157A62E81B0EA932B2EA96 /* Frameworks */ = {
			isa = PBXGroup;
			children = (
				AE08EFF9F450F813B1716E3D /* Pods_EasyBoy.framework */,
				15F4FF2FD4F4A0F5D76C2C22 /* Pods_EasyBoyTests.framework */,
				C0A93FB25B86C0BBBD201420 /* Pods_EasyBoyUITests.framework */,
			);
			name = Frameworks;
			sourceTree = "<group>";
		};
		AFFAC91BA2447FECD00B39DA /* Pods */ = {
			isa = PBXGroup;
			children = (
				DF5695A1D10B71F71234A126 /* Pods-EasyBoy.debug.xcconfig */,
				B44CD2FE62F0BB96B62C38BB /* Pods-EasyBoy.release.xcconfig */,
				CCBD769D8D956A38EFE73915 /* Pods-EasyBoyTests.debug.xcconfig */,
				B6DC48DE798EFEC140F91F1D /* Pods-EasyBoyTests.release.xcconfig */,
				40A79B86AD37B78BA8F093E3 /* Pods-EasyBoyUITests.debug.xcconfig */,
				09F4295A004420926E046E8E /* Pods-EasyBoyUITests.release.xcconfig */,
			);
			name = Pods;
			sourceTree = "<group>";
		};
		C663D58E2064B071008F2276 = {
			isa = PBXGroup;
			children = (
				C663D5992064B071008F2276 /* EasyBoyDemo */,
				C663D5AE2064B072008F2276 /* EasyBoyTests */,
				C663D5B92064B072008F2276 /* EasyBoyUITests */,
				C663D5982064B071008F2276 /* Products */,
				AFFAC91BA2447FECD00B39DA /* Pods */,
				6F157A62E81B0EA932B2EA96 /* Frameworks */,
			);
			sourceTree = "<group>";
		};
		C663D5982064B071008F2276 /* Products */ = {
			isa = PBXGroup;
			children = (
				C663D5972064B071008F2276 /* EasyBoyDemo.app */,
				C663D5AB2064B072008F2276 /* EasyBoyDemoTests.xctest */,
				C663D5B62064B072008F2276 /* EasyBoyDemoUITests.xctest */,
			);
			name = Products;
			sourceTree = "<group>";
		};
		C663D5992064B071008F2276 /* EasyBoyDemo */ = {
			isa = PBXGroup;
			children = (
				C663D59A2064B071008F2276 /* AppDelegate.swift */,
				C663D59C2064B071008F2276 /* ViewController.swift */,
				C663D59E2064B071008F2276 /* Main.storyboard */,
				C663D5A12064B071008F2276 /* Assets.xcassets */,
				C663D5A32064B071008F2276 /* LaunchScreen.storyboard */,
				C663D5A62064B071008F2276 /* Info.plist */,
			);
			path = EasyBoyDemo;
			sourceTree = "<group>";
		};
		C663D5AE2064B072008F2276 /* EasyBoyTests */ = {
			isa = PBXGroup;
			children = (
				C663D5AF2064B072008F2276 /* EasyBoyTests.swift */,
				C663D5B12064B072008F2276 /* Info.plist */,
			);
			path = EasyBoyTests;
			sourceTree = "<group>";
		};
		C663D5B92064B072008F2276 /* EasyBoyUITests */ = {
			isa = PBXGroup;
			children = (
				C663D5BA2064B072008F2276 /* EasyBoyUITests.swift */,
				C663D5BC2064B072008F2276 /* Info.plist */,
			);
			path = EasyBoyUITests;
			sourceTree = "<group>";
		};
/* End PBXGroup section */

/* Begin PBXNativeTarget section */
		C663D5962064B071008F2276 /* EasyBoyDemo */ = {
			isa = PBXNativeTarget;
			buildConfigurationList = C663D5BF2064B072008F2276 /* Build configuration list for PBXNativeTarget "EasyBoyDemo" */;
			buildPhases = (
				BBC49EAB71DD275DA31F017F /* [CP] Check Pods Manifest.lock */,
				C663D5932064B071008F2276 /* Sources */,
				C663D5942064B071008F2276 /* Frameworks */,
				C663D5952064B071008F2276 /* Resources */,
				012D1465F14AD4170F20D230 /* [CP] Embed Pods Frameworks */,
				EED16B3B5B760F80658BEF0A /* [CP] Copy Pods Resources */,
			);
			buildRules = (
			);
			dependencies = (
			);
			name = EasyBoyDemo;
			productName = EasyBoy;
			productReference = C663D5972064B071008F2276 /* EasyBoyDemo.app */;
			productType = "com.apple.product-type.application";
		};
		C663D5AA2064B072008F2276 /* EasyBoyDemoTests */ = {
			isa = PBXNativeTarget;
			buildConfigurationList = C663D5C22064B072008F2276 /* Build configuration list for PBXNativeTarget "EasyBoyDemoTests" */;
			buildPhases = (
				A819656D6C5CE362D53F32CE /* [CP] Check Pods Manifest.lock */,
				C663D5A72064B072008F2276 /* Sources */,
				C663D5A82064B072008F2276 /* Frameworks */,
				C663D5A92064B072008F2276 /* Resources */,
				A99AEEF7F60254B157E2633F /* [CP] Embed Pods Frameworks */,
				1983A48984C79E0698B7C752 /* [CP] Copy Pods Resources */,
			);
			buildRules = (
			);
			dependencies = (
				C663D5AD2064B072008F2276 /* PBXTargetDependency */,
			);
			name = EasyBoyDemoTests;
			productName = EasyBoyTests;
			productReference = C663D5AB2064B072008F2276 /* EasyBoyDemoTests.xctest */;
			productType = "com.apple.product-type.bundle.unit-test";
		};
		C663D5B52064B072008F2276 /* EasyBoyDemoUITests */ = {
			isa = PBXNativeTarget;
			buildConfigurationList = C663D5C52064B072008F2276 /* Build configuration list for PBXNativeTarget "EasyBoyDemoUITests" */;
			buildPhases = (
				E4DF19D3269C084251648E02 /* [CP] Check Pods Manifest.lock */,
				C663D5B22064B072008F2276 /* Sources */,
				C663D5B32064B072008F2276 /* Frameworks */,
				C663D5B42064B072008F2276 /* Resources */,
				EC1B034E5A04A33F14EB638C /* [CP] Embed Pods Frameworks */,
				C0E9F8D1E8A08114A39404B5 /* [CP] Copy Pods Resources */,
			);
			buildRules = (
			);
			dependencies = (
				C663D5B82064B072008F2276 /* PBXTargetDependency */,
			);
			name = EasyBoyDemoUITests;
			productName = EasyBoyUITests;
			productReference = C663D5B62064B072008F2276 /* EasyBoyDemoUITests.xctest */;
			productType = "com.apple.product-type.bundle.ui-testing";
		};
/* End PBXNativeTarget section */

/* Begin PBXProject section */
		C663D58F2064B071008F2276 /* Project object */ = {
			isa = PBXProject;
			attributes = {
				LastSwiftUpdateCheck = 0920;
				LastUpgradeCheck = 0920;
				ORGANIZATIONNAME = RockerHX;
				TargetAttributes = {
					C663D5962064B071008F2276 = {
						CreatedOnToolsVersion = 9.2;
						ProvisioningStyle = Automatic;
					};
					C663D5AA2064B072008F2276 = {
						CreatedOnToolsVersion = 9.2;
						ProvisioningStyle = Automatic;
						TestTargetID = C663D5962064B071008F2276;
					};
					C663D5B52064B072008F2276 = {
						CreatedOnToolsVersion = 9.2;
						ProvisioningStyle = Automatic;
						TestTargetID = C663D5962064B071008F2276;
					};
				};
			};
			buildConfigurationList = C663D5922064B071008F2276 /* Build configuration list for PBXProject "EasyBoyDemo" */;
			compatibilityVersion = "Xcode 8.0";
			developmentRegion = en;
			hasScannedForEncodings = 0;
			knownRegions = (
				en,
				Base,
			);
			mainGroup = C663D58E2064B071008F2276;
			productRefGroup = C663D5982064B071008F2276 /* Products */;
			projectDirPath = "";
			projectRoot = "";
			targets = (
				C663D5962064B071008F2276 /* EasyBoyDemo */,
				C663D5AA2064B072008F2276 /* EasyBoyDemoTests */,
				C663D5B52064B072008F2276 /* EasyBoyDemoUITests */,
			);
		};
/* End PBXProject section */

/* Begin PBXResourcesBuildPhase section */
		C663D5952064B071008F2276 /* Resources */ = {
			isa = PBXResourcesBuildPhase;
			buildActionMask = 2147483647;
			files = (
				C663D5A52064B071008F2276 /* LaunchScreen.storyboard in Resources */,
				C663D5A22064B071008F2276 /* Assets.xcassets in Resources */,
				C663D5A02064B071008F2276 /* Main.storyboard in Resources */,
			);
			runOnlyForDeploymentPostprocessing = 0;
		};
		C663D5A92064B072008F2276 /* Resources */ = {
			isa = PBXResourcesBuildPhase;
			buildActionMask = 2147483647;
			files = (
			);
			runOnlyForDeploymentPostprocessing = 0;
		};
		C663D5B42064B072008F2276 /* Resources */ = {
			isa = PBXResourcesBuildPhase;
			buildActionMask = 2147483647;
			files = (
			);
			runOnlyForDeploymentPostprocessing = 0;
		};
/* End PBXResourcesBuildPhase section */

/* Begin PBXShellScriptBuildPhase section */
		012D1465F14AD4170F20D230 /* [CP] Embed Pods Frameworks */ = {
			isa = PBXShellScriptBuildPhase;
			buildActionMask = 2147483647;
			files = (
			);
			inputPaths = (
				"${SRCROOT}/Pods/Target Support Files/Pods-EasyBoy/Pods-EasyBoy-frameworks.sh",
				"${BUILT_PRODUCTS_DIR}/EasyBoy/EasyBoy.framework",
			);
			name = "[CP] Embed Pods Frameworks";
			outputPaths = (
				"${TARGET_BUILD_DIR}/${FRAMEWORKS_FOLDER_PATH}/EasyBoy.framework",
			);
			runOnlyForDeploymentPostprocessing = 0;
			shellPath = /bin/sh;
			shellScript = "\"${SRCROOT}/Pods/Target Support Files/Pods-EasyBoy/Pods-EasyBoy-frameworks.sh\"\n";
			showEnvVarsInLog = 0;
		};
		1983A48984C79E0698B7C752 /* [CP] Copy Pods Resources */ = {
			isa = PBXShellScriptBuildPhase;
			buildActionMask = 2147483647;
			files = (
			);
			inputPaths = (
			);
			name = "[CP] Copy Pods Resources";
			outputPaths = (
			);
			runOnlyForDeploymentPostprocessing = 0;
			shellPath = /bin/sh;
			shellScript = "\"${SRCROOT}/Pods/Target Support Files/Pods-EasyBoyTests/Pods-EasyBoyTests-resources.sh\"\n";
			showEnvVarsInLog = 0;
		};
		A819656D6C5CE362D53F32CE /* [CP] Check Pods Manifest.lock */ = {
			isa = PBXShellScriptBuildPhase;
			buildActionMask = 2147483647;
			files = (
			);
			inputPaths = (
				"${PODS_PODFILE_DIR_PATH}/Podfile.lock",
				"${PODS_ROOT}/Manifest.lock",
			);
			name = "[CP] Check Pods Manifest.lock";
			outputPaths = (
				"$(DERIVED_FILE_DIR)/Pods-EasyBoyTests-checkManifestLockResult.txt",
			);
			runOnlyForDeploymentPostprocessing = 0;
			shellPath = /bin/sh;
			shellScript = "diff \"${PODS_PODFILE_DIR_PATH}/Podfile.lock\" \"${PODS_ROOT}/Manifest.lock\" > /dev/null\nif [ $? != 0 ] ; then\n    # print error to STDERR\n    echo \"error: The sandbox is not in sync with the Podfile.lock. Run 'pod install' or update your CocoaPods installation.\" >&2\n    exit 1\nfi\n# This output is used by Xcode 'outputs' to avoid re-running this script phase.\necho \"SUCCESS\" > \"${SCRIPT_OUTPUT_FILE_0}\"\n";
			showEnvVarsInLog = 0;
		};
		A99AEEF7F60254B157E2633F /* [CP] Embed Pods Frameworks */ = {
			isa = PBXShellScriptBuildPhase;
			buildActionMask = 2147483647;
			files = (
			);
			inputPaths = (
			);
			name = "[CP] Embed Pods Frameworks";
			outputPaths = (
			);
			runOnlyForDeploymentPostprocessing = 0;
			shellPath = /bin/sh;
			shellScript = "\"${SRCROOT}/Pods/Target Support Files/Pods-EasyBoyTests/Pods-EasyBoyTests-frameworks.sh\"\n";
			showEnvVarsInLog = 0;
		};
		BBC49EAB71DD275DA31F017F /* [CP] Check Pods Manifest.lock */ = {
			isa = PBXShellScriptBuildPhase;
			buildActionMask = 2147483647;
			files = (
			);
			inputPaths = (
				"${PODS_PODFILE_DIR_PATH}/Podfile.lock",
				"${PODS_ROOT}/Manifest.lock",
			);
			name = "[CP] Check Pods Manifest.lock";
			outputPaths = (
				"$(DERIVED_FILE_DIR)/Pods-EasyBoy-checkManifestLockResult.txt",
			);
			runOnlyForDeploymentPostprocessing = 0;
			shellPath = /bin/sh;
			shellScript = "diff \"${PODS_PODFILE_DIR_PATH}/Podfile.lock\" \"${PODS_ROOT}/Manifest.lock\" > /dev/null\nif [ $? != 0 ] ; then\n    # print error to STDERR\n    echo \"error: The sandbox is not in sync with the Podfile.lock. Run 'pod install' or update your CocoaPods installation.\" >&2\n    exit 1\nfi\n# This output is used by Xcode 'outputs' to avoid re-running this script phase.\necho \"SUCCESS\" > \"${SCRIPT_OUTPUT_FILE_0}\"\n";
			showEnvVarsInLog = 0;
		};
		C0E9F8D1E8A08114A39404B5 /* [CP] Copy Pods Resources */ = {
			isa = PBXShellScriptBuildPhase;
			buildActionMask = 2147483647;
			files = (
			);
			inputPaths = (
			);
			name = "[CP] Copy Pods Resources";
			outputPaths = (
			);
			runOnlyForDeploymentPostprocessing = 0;
			shellPath = /bin/sh;
			shellScript = "\"${SRCROOT}/Pods/Target Support Files/Pods-EasyBoyUITests/Pods-EasyBoyUITests-resources.sh\"\n";
			showEnvVarsInLog = 0;
		};
		E4DF19D3269C084251648E02 /* [CP] Check Pods Manifest.lock */ = {
			isa = PBXShellScriptBuildPhase;
			buildActionMask = 2147483647;
			files = (
			);
			inputPaths = (
				"${PODS_PODFILE_DIR_PATH}/Podfile.lock",
				"${PODS_ROOT}/Manifest.lock",
			);
			name = "[CP] Check Pods Manifest.lock";
			outputPaths = (
				"$(DERIVED_FILE_DIR)/Pods-EasyBoyUITests-checkManifestLockResult.txt",
			);
			runOnlyForDeploymentPostprocessing = 0;
			shellPath = /bin/sh;
			shellScript = "diff \"${PODS_PODFILE_DIR_PATH}/Podfile.lock\" \"${PODS_ROOT}/Manifest.lock\" > /dev/null\nif [ $? != 0 ] ; then\n    # print error to STDERR\n    echo \"error: The sandbox is not in sync with the Podfile.lock. Run 'pod install' or update your CocoaPods installation.\" >&2\n    exit 1\nfi\n# This output is used by Xcode 'outputs' to avoid re-running this script phase.\necho \"SUCCESS\" > \"${SCRIPT_OUTPUT_FILE_0}\"\n";
			showEnvVarsInLog = 0;
		};
		EC1B034E5A04A33F14EB638C /* [CP] Embed Pods Frameworks */ = {
			isa = PBXShellScriptBuildPhase;
			buildActionMask = 2147483647;
			files = (
			);
			inputPaths = (
			);
			name = "[CP] Embed Pods Frameworks";
			outputPaths = (
			);
			runOnlyForDeploymentPostprocessing = 0;
			shellPath = /bin/sh;
			shellScript = "\"${SRCROOT}/Pods/Target Support Files/Pods-EasyBoyUITests/Pods-EasyBoyUITests-frameworks.sh\"\n";
			showEnvVarsInLog = 0;
		};
		EED16B3B5B760F80658BEF0A /* [CP] Copy Pods Resources */ = {
			isa = PBXShellScriptBuildPhase;
			buildActionMask = 2147483647;
			files = (
			);
			inputPaths = (
			);
			name = "[CP] Copy Pods Resources";
			outputPaths = (
			);
			runOnlyForDeploymentPostprocessing = 0;
			shellPath = /bin/sh;
			shellScript = "\"${SRCROOT}/Pods/Target Support Files/Pods-EasyBoy/Pods-EasyBoy-resources.sh\"\n";
			showEnvVarsInLog = 0;
		};
/* End PBXShellScriptBuildPhase section */

/* Begin PBXSourcesBuildPhase section */
		C663D5932064B071008F2276 /* Sources */ = {
			isa = PBXSourcesBuildPhase;
			buildActionMask = 2147483647;
			files = (
				C663D59D2064B071008F2276 /* ViewController.swift in Sources */,
				C663D59B2064B071008F2276 /* AppDelegate.swift in Sources */,
			);
			runOnlyForDeploymentPostprocessing = 0;
		};
		C663D5A72064B072008F2276 /* Sources */ = {
			isa = PBXSourcesBuildPhase;
			buildActionMask = 2147483647;
			files = (
				C663D5B02064B072008F2276 /* EasyBoyTests.swift in Sources */,
			);
			runOnlyForDeploymentPostprocessing = 0;
		};
		C663D5B22064B072008F2276 /* Sources */ = {
			isa = PBXSourcesBuildPhase;
			buildActionMask = 2147483647;
			files = (
				C663D5BB2064B072008F2276 /* EasyBoyUITests.swift in Sources */,
			);
			runOnlyForDeploymentPostprocessing = 0;
		};
/* End PBXSourcesBuildPhase section */

/* Begin PBXTargetDependency section */
		C663D5AD2064B072008F2276 /* PBXTargetDependency */ = {
			isa = PBXTargetDependency;
			target = C663D5962064B071008F2276 /* EasyBoyDemo */;
			targetProxy = C663D5AC2064B072008F2276 /* PBXContainerItemProxy */;
		};
		C663D5B82064B072008F2276 /* PBXTargetDependency */ = {
			isa = PBXTargetDependency;
			target = C663D5962064B071008F2276 /* EasyBoyDemo */;
			targetProxy = C663D5B72064B072008F2276 /* PBXContainerItemProxy */;
		};
/* End PBXTargetDependency section */

/* Begin PBXVariantGroup section */
		C663D59E2064B071008F2276 /* Main.storyboard */ = {
			isa = PBXVariantGroup;
			children = (
				C663D59F2064B071008F2276 /* Base */,
			);
			name = Main.storyboard;
			sourceTree = "<group>";
		};
		C663D5A32064B071008F2276 /* LaunchScreen.storyboard */ = {
			isa = PBXVariantGroup;
			children = (
				C663D5A42064B071008F2276 /* Base */,
			);
			name = LaunchScreen.storyboard;
			sourceTree = "<group>";
		};
/* End PBXVariantGroup section */

/* Begin XCBuildConfiguration section */
		C663D5BD2064B072008F2276 /* Debug */ = {
			isa = XCBuildConfiguration;
			buildSettings = {
				ALWAYS_SEARCH_USER_PATHS = NO;
				CLANG_ANALYZER_NONNULL = YES;
				CLANG_ANALYZER_NUMBER_OBJECT_CONVERSION = YES_AGGRESSIVE;
				CLANG_CXX_LANGUAGE_STANDARD = "gnu++14";
				CLANG_CXX_LIBRARY = "libc++";
				CLANG_ENABLE_MODULES = YES;
				CLANG_ENABLE_OBJC_ARC = YES;
				CLANG_WARN_BLOCK_CAPTURE_AUTORELEASING = YES;
				CLANG_WARN_BOOL_CONVERSION = YES;
				CLANG_WARN_COMMA = YES;
				CLANG_WARN_CONSTANT_CONVERSION = YES;
				CLANG_WARN_DIRECT_OBJC_ISA_USAGE = YES_ERROR;
				CLANG_WARN_DOCUMENTATION_COMMENTS = YES;
				CLANG_WARN_EMPTY_BODY = YES;
				CLANG_WARN_ENUM_CONVERSION = YES;
				CLANG_WARN_INFINITE_RECURSION = YES;
				CLANG_WARN_INT_CONVERSION = YES;
				CLANG_WARN_NON_LITERAL_NULL_CONVERSION = YES;
				CLANG_WARN_OBJC_LITERAL_CONVERSION = YES;
				CLANG_WARN_OBJC_ROOT_CLASS = YES_ERROR;
				CLANG_WARN_RANGE_LOOP_ANALYSIS = YES;
				CLANG_WARN_STRICT_PROTOTYPES = YES;
				CLANG_WARN_SUSPICIOUS_MOVE = YES;
				CLANG_WARN_UNGUARDED_AVAILABILITY = YES_AGGRESSIVE;
				CLANG_WARN_UNREACHABLE_CODE = YES;
				CLANG_WARN__DUPLICATE_METHOD_MATCH = YES;
				CODE_SIGN_IDENTITY = "iPhone Developer";
				COPY_PHASE_STRIP = NO;
				DEBUG_INFORMATION_FORMAT = dwarf;
				ENABLE_STRICT_OBJC_MSGSEND = YES;
				ENABLE_TESTABILITY = YES;
				GCC_C_LANGUAGE_STANDARD = gnu11;
				GCC_DYNAMIC_NO_PIC = NO;
				GCC_NO_COMMON_BLOCKS = YES;
				GCC_OPTIMIZATION_LEVEL = 0;
				GCC_PREPROCESSOR_DEFINITIONS = (
					"DEBUG=1",
					"$(inherited)",
				);
				GCC_WARN_64_TO_32_BIT_CONVERSION = YES;
				GCC_WARN_ABOUT_RETURN_TYPE = YES_ERROR;
				GCC_WARN_UNDECLARED_SELECTOR = YES;
				GCC_WARN_UNINITIALIZED_AUTOS = YES_AGGRESSIVE;
				GCC_WARN_UNUSED_FUNCTION = YES;
				GCC_WARN_UNUSED_VARIABLE = YES;
				IPHONEOS_DEPLOYMENT_TARGET = 11.2;
				MTL_ENABLE_DEBUG_INFO = YES;
				ONLY_ACTIVE_ARCH = YES;
				SDKROOT = iphoneos;
				SWIFT_ACTIVE_COMPILATION_CONDITIONS = DEBUG;
				SWIFT_OPTIMIZATION_LEVEL = "-Onone";
			};
			name = Debug;
		};
		C663D5BE2064B072008F2276 /* Release */ = {
			isa = XCBuildConfiguration;
			buildSettings = {
				ALWAYS_SEARCH_USER_PATHS = NO;
				CLANG_ANALYZER_NONNULL = YES;
				CLANG_ANALYZER_NUMBER_OBJECT_CONVERSION = YES_AGGRESSIVE;
				CLANG_CXX_LANGUAGE_STANDARD = "gnu++14";
				CLANG_CXX_LIBRARY = "libc++";
				CLANG_ENABLE_MODULES = YES;
				CLANG_ENABLE_OBJC_ARC = YES;
				CLANG_WARN_BLOCK_CAPTURE_AUTORELEASING = YES;
				CLANG_WARN_BOOL_CONVERSION = YES;
				CLANG_WARN_COMMA = YES;
				CLANG_WARN_CONSTANT_CONVERSION = YES;
				CLANG_WARN_DIRECT_OBJC_ISA_USAGE = YES_ERROR;
				CLANG_WARN_DOCUMENTATION_COMMENTS = YES;
				CLANG_WARN_EMPTY_BODY = YES;
				CLANG_WARN_ENUM_CONVERSION = YES;
				CLANG_WARN_INFINITE_RECURSION = YES;
				CLANG_WARN_INT_CONVERSION = YES;
				CLANG_WARN_NON_LITERAL_NULL_CONVERSION = YES;
				CLANG_WARN_OBJC_LITERAL_CONVERSION = YES;
				CLANG_WARN_OBJC_ROOT_CLASS = YES_ERROR;
				CLANG_WARN_RANGE_LOOP_ANALYSIS = YES;
				CLANG_WARN_STRICT_PROTOTYPES = YES;
				CLANG_WARN_SUSPICIOUS_MOVE = YES;
				CLANG_WARN_UNGUARDED_AVAILABILITY = YES_AGGRESSIVE;
				CLANG_WARN_UNREACHABLE_CODE = YES;
				CLANG_WARN__DUPLICATE_METHOD_MATCH = YES;
				CODE_SIGN_IDENTITY = "iPhone Developer";
				COPY_PHASE_STRIP = NO;
				DEBUG_INFORMATION_FORMAT = "dwarf-with-dsym";
				ENABLE_NS_ASSERTIONS = NO;
				ENABLE_STRICT_OBJC_MSGSEND = YES;
				GCC_C_LANGUAGE_STANDARD = gnu11;
				GCC_NO_COMMON_BLOCKS = YES;
				GCC_WARN_64_TO_32_BIT_CONVERSION = YES;
				GCC_WARN_ABOUT_RETURN_TYPE = YES_ERROR;
				GCC_WARN_UNDECLARED_SELECTOR = YES;
				GCC_WARN_UNINITIALIZED_AUTOS = YES_AGGRESSIVE;
				GCC_WARN_UNUSED_FUNCTION = YES;
				GCC_WARN_UNUSED_VARIABLE = YES;
				IPHONEOS_DEPLOYMENT_TARGET = 11.2;
				MTL_ENABLE_DEBUG_INFO = NO;
				SDKROOT = iphoneos;
				SWIFT_OPTIMIZATION_LEVEL = "-Owholemodule";
				VALIDATE_PRODUCT = YES;
			};
			name = Release;
		};
		C663D5C02064B072008F2276 /* Debug */ = {
			isa = XCBuildConfiguration;
			baseConfigurationReference = DF5695A1D10B71F71234A126 /* Pods-EasyBoy.debug.xcconfig */;
			buildSettings = {
				ASSETCATALOG_COMPILER_APPICON_NAME = AppIcon;
				CODE_SIGN_STYLE = Automatic;
				INFOPLIST_FILE = EasyBoyDemo/Info.plist;
				LD_RUNPATH_SEARCH_PATHS = "$(inherited) @executable_path/Frameworks";
				PRODUCT_BUNDLE_IDENTIFIER = cc.caver.EasyBoy;
				PRODUCT_NAME = "$(TARGET_NAME)";
				SWIFT_VERSION = 4.0;
				TARGETED_DEVICE_FAMILY = "1,2";
			};
			name = Debug;
		};
		C663D5C12064B072008F2276 /* Release */ = {
			isa = XCBuildConfiguration;
			baseConfigurationReference = B44CD2FE62F0BB96B62C38BB /* Pods-EasyBoy.release.xcconfig */;
			buildSettings = {
				ASSETCATALOG_COMPILER_APPICON_NAME = AppIcon;
				CODE_SIGN_STYLE = Automatic;
				INFOPLIST_FILE = EasyBoyDemo/Info.plist;
				LD_RUNPATH_SEARCH_PATHS = "$(inherited) @executable_path/Frameworks";
				PRODUCT_BUNDLE_IDENTIFIER = cc.caver.EasyBoy;
				PRODUCT_NAME = "$(TARGET_NAME)";
				SWIFT_VERSION = 4.0;
				TARGETED_DEVICE_FAMILY = "1,2";
			};
			name = Release;
		};
		C663D5C32064B072008F2276 /* Debug */ = {
			isa = XCBuildConfiguration;
			baseConfigurationReference = CCBD769D8D956A38EFE73915 /* Pods-EasyBoyTests.debug.xcconfig */;
			buildSettings = {
				ALWAYS_EMBED_SWIFT_STANDARD_LIBRARIES = YES;
				BUNDLE_LOADER = "$(TEST_HOST)";
				CODE_SIGN_STYLE = Automatic;
				INFOPLIST_FILE = EasyBoyTests/Info.plist;
				LD_RUNPATH_SEARCH_PATHS = "$(inherited) @executable_path/Frameworks @loader_path/Frameworks";
				PRODUCT_BUNDLE_IDENTIFIER = cc.caver.EasyBoyTests;
				PRODUCT_NAME = "$(TARGET_NAME)";
				SWIFT_VERSION = 4.0;
				TARGETED_DEVICE_FAMILY = "1,2";
				TEST_HOST = "$(BUILT_PRODUCTS_DIR)/EasyBoyDemo.app/EasyBoyDemo";
			};
			name = Debug;
		};
		C663D5C42064B072008F2276 /* Release */ = {
			isa = XCBuildConfiguration;
			baseConfigurationReference = B6DC48DE798EFEC140F91F1D /* Pods-EasyBoyTests.release.xcconfig */;
			buildSettings = {
				ALWAYS_EMBED_SWIFT_STANDARD_LIBRARIES = YES;
				BUNDLE_LOADER = "$(TEST_HOST)";
				CODE_SIGN_STYLE = Automatic;
				INFOPLIST_FILE = EasyBoyTests/Info.plist;
				LD_RUNPATH_SEARCH_PATHS = "$(inherited) @executable_path/Frameworks @loader_path/Frameworks";
				PRODUCT_BUNDLE_IDENTIFIER = cc.caver.EasyBoyTests;
				PRODUCT_NAME = "$(TARGET_NAME)";
				SWIFT_VERSION = 4.0;
				TARGETED_DEVICE_FAMILY = "1,2";
				TEST_HOST = "$(BUILT_PRODUCTS_DIR)/EasyBoyDemo.app/EasyBoyDemo";
			};
			name = Release;
		};
		C663D5C62064B072008F2276 /* Debug */ = {
			isa = XCBuildConfiguration;
			baseConfigurationReference = 40A79B86AD37B78BA8F093E3 /* Pods-EasyBoyUITests.debug.xcconfig */;
			buildSettings = {
				ALWAYS_EMBED_SWIFT_STANDARD_LIBRARIES = YES;
				CODE_SIGN_STYLE = Automatic;
				INFOPLIST_FILE = EasyBoyUITests/Info.plist;
				LD_RUNPATH_SEARCH_PATHS = "$(inherited) @executable_path/Frameworks @loader_path/Frameworks";
				PRODUCT_BUNDLE_IDENTIFIER = cc.caver.EasyBoyUITests;
				PRODUCT_NAME = "$(TARGET_NAME)";
				SWIFT_VERSION = 4.0;
				TARGETED_DEVICE_FAMILY = "1,2";
				TEST_TARGET_NAME = EasyBoy;
			};
			name = Debug;
		};
		C663D5C72064B072008F2276 /* Release */ = {
			isa = XCBuildConfiguration;
			baseConfigurationReference = 09F4295A004420926E046E8E /* Pods-EasyBoyUITests.release.xcconfig */;
			buildSettings = {
				ALWAYS_EMBED_SWIFT_STANDARD_LIBRARIES = YES;
				CODE_SIGN_STYLE = Automatic;
				INFOPLIST_FILE = EasyBoyUITests/Info.plist;
				LD_RUNPATH_SEARCH_PATHS = "$(inherited) @executable_path/Frameworks @loader_path/Frameworks";
				PRODUCT_BUNDLE_IDENTIFIER = cc.caver.EasyBoyUITests;
				PRODUCT_NAME = "$(TARGET_NAME)";
				SWIFT_VERSION = 4.0;
				TARGETED_DEVICE_FAMILY = "1,2";
				TEST_TARGET_NAME = EasyBoy;
			};
			name = Release;
		};
/* End XCBuildConfiguration section */

/* Begin XCConfigurationList section */
		C663D5922064B071008F2276 /* Build configuration list for PBXProject "EasyBoyDemo" */ = {
			isa = XCConfigurationList;
			buildConfigurations = (
				C663D5BD2064B072008F2276 /* Debug */,
				C663D5BE2064B072008F2276 /* Release */,
			);
			defaultConfigurationIsVisible = 0;
			defaultConfigurationName = Release;
		};
		C663D5BF2064B072008F2276 /* Build configuration list for PBXNativeTarget "EasyBoyDemo" */ = {
			isa = XCConfigurationList;
			buildConfigurations = (
				C663D5C02064B072008F2276 /* Debug */,
				C663D5C12064B072008F2276 /* Release */,
			);
			defaultConfigurationIsVisible = 0;
			defaultConfigurationName = Release;
		};
		C663D5C22064B072008F2276 /* Build configuration list for PBXNativeTarget "EasyBoyDemoTests" */ = {
			isa = XCConfigurationList;
			buildConfigurations = (
				C663D5C32064B072008F2276 /* Debug */,
				C663D5C42064B072008F2276 /* Release */,
			);
			defaultConfigurationIsVisible = 0;
			defaultConfigurationName = Release;
		};
		C663D5C52064B072008F2276 /* Build configuration list for PBXNativeTarget "EasyBoyDemoUITests" */ = {
			isa = XCConfigurationList;
			buildConfigurations = (
				C663D5C62064B072008F2276 /* Debug */,
				C663D5C72064B072008F2276 /* Release */,
			);
			defaultConfigurationIsVisible = 0;
			defaultConfigurationName = Release;
		};
/* End XCConfigurationList section */
	};
	rootObject = C663D58F2064B071008F2276 /* Project object */;
}
