// !$*UTF8*$!
{
	archiveVersion = 1;
	classes = {
	};
	objectVersion = 48;
	objects = {

/* Begin PBXBuildFile section */
		79EC39DA030AC0EBAACC0D95 /* Pods_OSXDevicesDemo.framework in Frameworks */ = {isa = PBXBuildFile; fileRef = 43A8FFDA404C2AA971DD50FC /* Pods_OSXDevicesDemo.framework */; };
		C65C055A206C85BF0018CA63 /* AppDelegate.swift in Sources */ = {isa = PBXBuildFile; fileRef = C65C0559206C85BF0018CA63 /* AppDelegate.swift */; };
		C65C055C206C85BF0018CA63 /* ViewController.swift in Sources */ = {isa = PBXBuildFile; fileRef = C65C055B206C85BF0018CA63 /* ViewController.swift */; };
		C65C055E206C85BF0018CA63 /* Assets.xcassets in Resources */ = {isa = PBXBuildFile; fileRef = C65C055D206C85BF0018CA63 /* Assets.xcassets */; };
		C65C0561206C85BF0018CA63 /* Main.storyboard in Resources */ = {isa = PBXBuildFile; fileRef = C65C055F206C85BF0018CA63 /* Main.storyboard */; };
/* End PBXBuildFile section */

/* Begin PBXFileReference section */
		1C432C011129BE333F0EE73A /* Pods-OSXDevicesDemo.release.xcconfig */ = {isa = PBXFileReference; includeInIndex = 1; lastKnownFileType = text.xcconfig; name = "Pods-OSXDevicesDemo.release.xcconfig"; path = "Pods/Target Support Files/Pods-OSXDevicesDemo/Pods-OSXDevicesDemo.release.xcconfig"; sourceTree = "<group>"; };
		43A8FFDA404C2AA971DD50FC /* Pods_OSXDevicesDemo.framework */ = {isa = PBXFileReference; explicitFileType = wrapper.framework; includeInIndex = 0; path = Pods_OSXDevicesDemo.framework; sourceTree = BUILT_PRODUCTS_DIR; };
		8B1486A7437828194C7EDD0F /* Pods-OSXDevicesDemo.debug.xcconfig */ = {isa = PBXFileReference; includeInIndex = 1; lastKnownFileType = text.xcconfig; name = "Pods-OSXDevicesDemo.debug.xcconfig"; path = "Pods/Target Support Files/Pods-OSXDevicesDemo/Pods-OSXDevicesDemo.debug.xcconfig"; sourceTree = "<group>"; };
		C65C0556206C85BF0018CA63 /* OSXDevicesDemo.app */ = {isa = PBXFileReference; explicitFileType = wrapper.application; includeInIndex = 0; path = OSXDevicesDemo.app; sourceTree = BUILT_PRODUCTS_DIR; };
		C65C0559206C85BF0018CA63 /* AppDelegate.swift */ = {isa = PBXFileReference; lastKnownFileType = sourcecode.swift; path = AppDelegate.swift; sourceTree = "<group>"; };
		C65C055B206C85BF0018CA63 /* ViewController.swift */ = {isa = PBXFileReference; lastKnownFileType = sourcecode.swift; path = ViewController.swift; sourceTree = "<group>"; };
		C65C055D206C85BF0018CA63 /* Assets.xcassets */ = {isa = PBXFileReference; lastKnownFileType = folder.assetcatalog; path = Assets.xcassets; sourceTree = "<group>"; };
		C65C0560206C85BF0018CA63 /* Base */ = {isa = PBXFileReference; lastKnownFileType = file.storyboard; name = Base; path = Base.lproj/Main.storyboard; sourceTree = "<group>"; };
		C65C0562206C85BF0018CA63 /* Info.plist */ = {isa = PBXFileReference; lastKnownFileType = text.plist.xml; path = Info.plist; sourceTree = "<group>"; };
		C65C0563206C85BF0018CA63 /* OSXDevicesDemo.entitlements */ = {isa = PBXFileReference; lastKnownFileType = text.plist.entitlements; path = OSXDevicesDemo.entitlements; sourceTree = "<group>"; };
/* End PBXFileReference section */

/* Begin PBXFrameworksBuildPhase section */
		C65C0553206C85BF0018CA63 /* Frameworks */ = {
			isa = PBXFrameworksBuildPhase;
			buildActionMask = 2147483647;
			files = (
				79EC39DA030AC0EBAACC0D95 /* Pods_OSXDevicesDemo.framework in Frameworks */,
			);
			runOnlyForDeploymentPostprocessing = 0;
		};
/* End PBXFrameworksBuildPhase section */

/* Begin PBXGroup section */
		540E778289788DE3C1D6DD20 /* Pods */ = {
			isa = PBXGroup;
			children = (
				8B1486A7437828194C7EDD0F /* Pods-OSXDevicesDemo.debug.xcconfig */,
				1C432C011129BE333F0EE73A /* Pods-OSXDevicesDemo.release.xcconfig */,
			);
			name = Pods;
			sourceTree = "<group>";
		};
		C4ABDB670A1EB709DD2B285A /* Frameworks */ = {
			isa = PBXGroup;
			children = (
				43A8FFDA404C2AA971DD50FC /* Pods_OSXDevicesDemo.framework */,
			);
			name = Frameworks;
			sourceTree = "<group>";
		};
		C65C054D206C85BF0018CA63 = {
			isa = PBXGroup;
			children = (
				C65C0558206C85BF0018CA63 /* OSXDevicesDemo */,
				C65C0557206C85BF0018CA63 /* Products */,
				540E778289788DE3C1D6DD20 /* Pods */,
				C4ABDB670A1EB709DD2B285A /* Frameworks */,
			);
			sourceTree = "<group>";
		};
		C65C0557206C85BF0018CA63 /* Products */ = {
			isa = PBXGroup;
			children = (
				C65C0556206C85BF0018CA63 /* OSXDevicesDemo.app */,
			);
			name = Products;
			sourceTree = "<group>";
		};
		C65C0558206C85BF0018CA63 /* OSXDevicesDemo */ = {
			isa = PBXGroup;
			children = (
				C65C0559206C85BF0018CA63 /* AppDelegate.swift */,
				C65C055B206C85BF0018CA63 /* ViewController.swift */,
				C65C055D206C85BF0018CA63 /* Assets.xcassets */,
				C65C055F206C85BF0018CA63 /* Main.storyboard */,
				C65C0562206C85BF0018CA63 /* Info.plist */,
				C65C0563206C85BF0018CA63 /* OSXDevicesDemo.entitlements */,
			);
			path = OSXDevicesDemo;
			sourceTree = "<group>";
		};
/* End PBXGroup section */

/* Begin PBXNativeTarget section */
		C65C0555206C85BF0018CA63 /* OSXDevicesDemo */ = {
			isa = PBXNativeTarget;
			buildConfigurationList = C65C0566206C85BF0018CA63 /* Build configuration list for PBXNativeTarget "OSXDevicesDemo" */;
			buildPhases = (
				F8C9F1E40F80C4860ECE2255 /* [CP] Check Pods Manifest.lock */,
				C65C0552206C85BF0018CA63 /* Sources */,
				C65C0553206C85BF0018CA63 /* Frameworks */,
				C65C0554206C85BF0018CA63 /* Resources */,
				A6A9FC9ED2956E397937EFB7 /* [CP] Embed Pods Frameworks */,
			);
			buildRules = (
			);
			dependencies = (
			);
			name = OSXDevicesDemo;
			productName = OSXDevicesDemo;
			productReference = C65C0556206C85BF0018CA63 /* OSXDevicesDemo.app */;
			productType = "com.apple.product-type.application";
		};
/* End PBXNativeTarget section */

/* Begin PBXProject section */
		C65C054E206C85BF0018CA63 /* Project object */ = {
			isa = PBXProject;
			attributes = {
				LastSwiftUpdateCheck = 0920;
				LastUpgradeCheck = 0930;
				ORGANIZATIONNAME = RockerHX;
				TargetAttributes = {
					C65C0555206C85BF0018CA63 = {
						CreatedOnToolsVersion = 9.2;
						LastSwiftMigration = 1000;
						ProvisioningStyle = Automatic;
					};
				};
			};
			buildConfigurationList = C65C0551206C85BF0018CA63 /* Build configuration list for PBXProject "OSXDevicesDemo" */;
			compatibilityVersion = "Xcode 8.0";
			developmentRegion = en;
			hasScannedForEncodings = 0;
			knownRegions = (
				en,
				Base,
			);
			mainGroup = C65C054D206C85BF0018CA63;
			productRefGroup = C65C0557206C85BF0018CA63 /* Products */;
			projectDirPath = "";
			projectRoot = "";
			targets = (
				C65C0555206C85BF0018CA63 /* OSXDevicesDemo */,
			);
		};
/* End PBXProject section */

/* Begin PBXResourcesBuildPhase section */
		C65C0554206C85BF0018CA63 /* Resources */ = {
			isa = PBXResourcesBuildPhase;
			buildActionMask = 2147483647;
			files = (
				C65C055E206C85BF0018CA63 /* Assets.xcassets in Resources */,
				C65C0561206C85BF0018CA63 /* Main.storyboard in Resources */,
			);
			runOnlyForDeploymentPostprocessing = 0;
		};
/* End PBXResourcesBuildPhase section */

/* Begin PBXShellScriptBuildPhase section */
		A6A9FC9ED2956E397937EFB7 /* [CP] Embed Pods Frameworks */ = {
			isa = PBXShellScriptBuildPhase;
			buildActionMask = 2147483647;
			files = (
			);
			inputPaths = (
				"${SRCROOT}/Pods/Target Support Files/Pods-OSXDevicesDemo/Pods-OSXDevicesDemo-frameworks.sh",
				"${BUILT_PRODUCTS_DIR}/Devices/Devices.framework",
			);
			name = "[CP] Embed Pods Frameworks";
			outputPaths = (
				"${TARGET_BUILD_DIR}/${FRAMEWORKS_FOLDER_PATH}/Devices.framework",
			);
			runOnlyForDeploymentPostprocessing = 0;
			shellPath = /bin/sh;
			shellScript = "\"${SRCROOT}/Pods/Target Support Files/Pods-OSXDevicesDemo/Pods-OSXDevicesDemo-frameworks.sh\"\n";
			showEnvVarsInLog = 0;
		};
		F8C9F1E40F80C4860ECE2255 /* [CP] Check Pods Manifest.lock */ = {
			isa = PBXShellScriptBuildPhase;
			buildActionMask = 2147483647;
			files = (
			);
			inputPaths = (
				"${PODS_PODFILE_DIR_PATH}/Podfile.lock",
				"${PODS_ROOT}/Manifest.lock",
			);
			name = "[CP] Check Pods Manifest.lock";
			outputPaths = (
				"$(DERIVED_FILE_DIR)/Pods-OSXDevicesDemo-checkManifestLockResult.txt",
			);
			runOnlyForDeploymentPostprocessing = 0;
			shellPath = /bin/sh;
			shellScript = "diff \"${PODS_PODFILE_DIR_PATH}/Podfile.lock\" \"${PODS_ROOT}/Manifest.lock\" > /dev/null\nif [ $? != 0 ] ; then\n    # print error to STDERR\n    echo \"error: The sandbox is not in sync with the Podfile.lock. Run 'pod install' or update your CocoaPods installation.\" >&2\n    exit 1\nfi\n# This output is used by Xcode 'outputs' to avoid re-running this script phase.\necho \"SUCCESS\" > \"${SCRIPT_OUTPUT_FILE_0}\"\n";
			showEnvVarsInLog = 0;
		};
/* End PBXShellScriptBuildPhase section */

/* Begin PBXSourcesBuildPhase section */
		C65C0552206C85BF0018CA63 /* Sources */ = {
			isa = PBXSourcesBuildPhase;
			buildActionMask = 2147483647;
			files = (
				C65C055C206C85BF0018CA63 /* ViewController.swift in Sources */,
				C65C055A206C85BF0018CA63 /* AppDelegate.swift in Sources */,
			);
			runOnlyForDeploymentPostprocessing = 0;
		};
/* End PBXSourcesBuildPhase section */

/* Begin PBXVariantGroup section */
		C65C055F206C85BF0018CA63 /* Main.storyboard */ = {
			isa = PBXVariantGroup;
			children = (
				C65C0560206C85BF0018CA63 /* Base */,
			);
			name = Main.storyboard;
			sourceTree = "<group>";
		};
/* End PBXVariantGroup section */

/* Begin XCBuildConfiguration section */
		C65C0564206C85BF0018CA63 /* Debug */ = {
			isa = XCBuildConfiguration;
			buildSettings = {
				ALWAYS_SEARCH_USER_PATHS = NO;
				CLANG_ANALYZER_NONNULL = YES;
				CLANG_ANALYZER_NUMBER_OBJECT_CONVERSION = YES_AGGRESSIVE;
				CLANG_CXX_LANGUAGE_STANDARD = "gnu++14";
				CLANG_CXX_LIBRARY = "libc++";
				CLANG_ENABLE_MODULES = YES;
				CLANG_ENABLE_OBJC_ARC = YES;
				CLANG_WARN_BLOCK_CAPTURE_AUTORELEASING = YES;
				CLANG_WARN_BOOL_CONVERSION = YES;
				CLANG_WARN_COMMA = YES;
				CLANG_WARN_CONSTANT_CONVERSION = YES;
				CLANG_WARN_DEPRECATED_OBJC_IMPLEMENTATIONS = YES;
				CLANG_WARN_DIRECT_OBJC_ISA_USAGE = YES_ERROR;
				CLANG_WARN_DOCUMENTATION_COMMENTS = YES;
				CLANG_WARN_EMPTY_BODY = YES;
				CLANG_WARN_ENUM_CONVERSION = YES;
				CLANG_WARN_INFINITE_RECURSION = YES;
				CLANG_WARN_INT_CONVERSION = YES;
				CLANG_WARN_NON_LITERAL_NULL_CONVERSION = YES;
				CLANG_WARN_OBJC_IMPLICIT_RETAIN_SELF = YES;
				CLANG_WARN_OBJC_LITERAL_CONVERSION = YES;
				CLANG_WARN_OBJC_ROOT_CLASS = YES_ERROR;
				CLANG_WARN_RANGE_LOOP_ANALYSIS = YES;
				CLANG_WARN_STRICT_PROTOTYPES = YES;
				CLANG_WARN_SUSPICIOUS_MOVE = YES;
				CLANG_WARN_UNGUARDED_AVAILABILITY = YES_AGGRESSIVE;
				CLANG_WARN_UNREACHABLE_CODE = YES;
				CLANG_WARN__DUPLICATE_METHOD_MATCH = YES;
				CODE_SIGN_IDENTITY = "-";
				COPY_PHASE_STRIP = NO;
				DEBUG_INFORMATION_FORMAT = dwarf;
				ENABLE_STRICT_OBJC_MSGSEND = YES;
				ENABLE_TESTABILITY = YES;
				GCC_C_LANGUAGE_STANDARD = gnu11;
				GCC_DYNAMIC_NO_PIC = NO;
				GCC_NO_COMMON_BLOCKS = YES;
				GCC_OPTIMIZATION_LEVEL = 0;
				GCC_PREPROCESSOR_DEFINITIONS = (
					"DEBUG=1",
					"$(inherited)",
				);
				GCC_WARN_64_TO_32_BIT_CONVERSION = YES;
				GCC_WARN_ABOUT_RETURN_TYPE = YES_ERROR;
				GCC_WARN_UNDECLARED_SELECTOR = YES;
				GCC_WARN_UNINITIALIZED_AUTOS = YES_AGGRESSIVE;
				GCC_WARN_UNUSED_FUNCTION = YES;
				GCC_WARN_UNUSED_VARIABLE = YES;
				MACOSX_DEPLOYMENT_TARGET = 10.13;
				MTL_ENABLE_DEBUG_INFO = YES;
				ONLY_ACTIVE_ARCH = YES;
				SDKROOT = macosx;
				SWIFT_ACTIVE_COMPILATION_CONDITIONS = DEBUG;
				SWIFT_OPTIMIZATION_LEVEL = "-Onone";
			};
			name = Debug;
		};
		C65C0565206C85BF0018CA63 /* Release */ = {
			isa = XCBuildConfiguration;
			buildSettings = {
				ALWAYS_SEARCH_USER_PATHS = NO;
				CLANG_ANALYZER_NONNULL = YES;
				CLANG_ANALYZER_NUMBER_OBJECT_CONVERSION = YES_AGGRESSIVE;
				CLANG_CXX_LANGUAGE_STANDARD = "gnu++14";
				CLANG_CXX_LIBRARY = "libc++";
				CLANG_ENABLE_MODULES = YES;
				CLANG_ENABLE_OBJC_ARC = YES;
				CLANG_WARN_BLOCK_CAPTURE_AUTORELEASING = YES;
				CLANG_WARN_BOOL_CONVERSION = YES;
				CLANG_WARN_COMMA = YES;
				CLANG_WARN_CONSTANT_CONVERSION = YES;
				CLANG_WARN_DEPRECATED_OBJC_IMPLEMENTATIONS = YES;
				CLANG_WARN_DIRECT_OBJC_ISA_USAGE = YES_ERROR;
				CLANG_WARN_DOCUMENTATION_COMMENTS = YES;
				CLANG_WARN_EMPTY_BODY = YES;
				CLANG_WARN_ENUM_CONVERSION = YES;
				CLANG_WARN_INFINITE_RECURSION = YES;
				CLANG_WARN_INT_CONVERSION = YES;
				CLANG_WARN_NON_LITERAL_NULL_CONVERSION = YES;
				CLANG_WARN_OBJC_IMPLICIT_RETAIN_SELF = YES;
				CLANG_WARN_OBJC_LITERAL_CONVERSION = YES;
				CLANG_WARN_OBJC_ROOT_CLASS = YES_ERROR;
				CLANG_WARN_RANGE_LOOP_ANALYSIS = YES;
				CLANG_WARN_STRICT_PROTOTYPES = YES;
				CLANG_WARN_SUSPICIOUS_MOVE = YES;
				CLANG_WARN_UNGUARDED_AVAILABILITY = YES_AGGRESSIVE;
				CLANG_WARN_UNREACHABLE_CODE = YES;
				CLANG_WARN__DUPLICATE_METHOD_MATCH = YES;
				CODE_SIGN_IDENTITY = "-";
				COPY_PHASE_STRIP = NO;
				DEBUG_INFORMATION_FORMAT = "dwarf-with-dsym";
				ENABLE_NS_ASSERTIONS = NO;
				ENABLE_STRICT_OBJC_MSGSEND = YES;
				GCC_C_LANGUAGE_STANDARD = gnu11;
				GCC_NO_COMMON_BLOCKS = YES;
				GCC_WARN_64_TO_32_BIT_CONVERSION = YES;
				GCC_WARN_ABOUT_RETURN_TYPE = YES_ERROR;
				GCC_WARN_UNDECLARED_SELECTOR = YES;
				GCC_WARN_UNINITIALIZED_AUTOS = YES_AGGRESSIVE;
				GCC_WARN_UNUSED_FUNCTION = YES;
				GCC_WARN_UNUSED_VARIABLE = YES;
				MACOSX_DEPLOYMENT_TARGET = 10.13;
				MTL_ENABLE_DEBUG_INFO = NO;
				SDKROOT = macosx;
				SWIFT_OPTIMIZATION_LEVEL = "-Owholemodule";
			};
			name = Release;
		};
		C65C0567206C85BF0018CA63 /* Debug */ = {
			isa = XCBuildConfiguration;
			baseConfigurationReference = 8B1486A7437828194C7EDD0F /* Pods-OSXDevicesDemo.debug.xcconfig */;
			buildSettings = {
				ASSETCATALOG_COMPILER_APPICON_NAME = AppIcon;
				CODE_SIGN_ENTITLEMENTS = OSXDevicesDemo/OSXDevicesDemo.entitlements;
				CODE_SIGN_IDENTITY = "Mac Developer";
				CODE_SIGN_STYLE = Automatic;
				COMBINE_HIDPI_IMAGES = YES;
				DEVELOPMENT_TEAM = HG8SBJDJPT;
				INFOPLIST_FILE = OSXDevicesDemo/Info.plist;
				LD_RUNPATH_SEARCH_PATHS = "$(inherited) @executable_path/../Frameworks";
				PRODUCT_BUNDLE_IDENTIFIER = cc.caver.OSXDevicesDemo;
				PRODUCT_NAME = "$(TARGET_NAME)";
				PROVISIONING_PROFILE_SPECIFIER = "";
				SWIFT_VERSION = 4.2;
			};
			name = Debug;
		};
		C65C0568206C85BF0018CA63 /* Release */ = {
			isa = XCBuildConfiguration;
			baseConfigurationReference = 1C432C011129BE333F0EE73A /* Pods-OSXDevicesDemo.release.xcconfig */;
			buildSettings = {
				ASSETCATALOG_COMPILER_APPICON_NAME = AppIcon;
				CODE_SIGN_ENTITLEMENTS = OSXDevicesDemo/OSXDevicesDemo.entitlements;
				CODE_SIGN_IDENTITY = "Mac Developer";
				CODE_SIGN_STYLE = Automatic;
				COMBINE_HIDPI_IMAGES = YES;
				DEVELOPMENT_TEAM = HG8SBJDJPT;
				INFOPLIST_FILE = OSXDevicesDemo/Info.plist;
				LD_RUNPATH_SEARCH_PATHS = "$(inherited) @executable_path/../Frameworks";
				PRODUCT_BUNDLE_IDENTIFIER = cc.caver.OSXDevicesDemo;
				PRODUCT_NAME = "$(TARGET_NAME)";
				PROVISIONING_PROFILE_SPECIFIER = "";
				SWIFT_VERSION = 4.2;
			};
			name = Release;
		};
/* End XCBuildConfiguration section */

/* Begin XCConfigurationList section */
		C65C0551206C85BF0018CA63 /* Build configuration list for PBXProject "OSXDevicesDemo" */ = {
			isa = XCConfigurationList;
			buildConfigurations = (
				C65C0564206C85BF0018CA63 /* Debug */,
				C65C0565206C85BF0018CA63 /* Release */,
			);
			defaultConfigurationIsVisible = 0;
			defaultConfigurationName = Release;
		};
		C65C0566206C85BF0018CA63 /* Build configuration list for PBXNativeTarget "OSXDevicesDemo" */ = {
			isa = XCConfigurationList;
			buildConfigurations = (
				C65C0567206C85BF0018CA63 /* Debug */,
				C65C0568206C85BF0018CA63 /* Release */,
			);
			defaultConfigurationIsVisible = 0;
			defaultConfigurationName = Release;
		};
/* End XCConfigurationList section */
	};
	rootObject = C65C054E206C85BF0018CA63 /* Project object */;
}
